
Microsoft Visual Studio Solution File, Format Version 12.00
# Visual Studio 14
VisualStudioVersion = 14.0.25420.1
MinimumVisualStudioVersion = 10.0.40219.1
Project("{FAE04EC0-301F-11D3-BF4B-00C04F79EFBC}") = "Squirrel", "src\Squirrel\Squirrel.csproj", "{1436E22A-FE3C-4D68-9A85-9E74DF2E6A92}"
EndProject
Project("{FAE04EC0-301F-11D3-BF4B-00C04F79EFBC}") = "Squirrel.Tests", "test\Squirrel.Tests.csproj", "{98AEB048-E27D-42F4-9440-505B7F78BAFD}"
EndProject
Project("{8BC9CEB8-8B4A-11D0-8D11-00A0C91BC942}") = "Setup", "src\Setup\Setup.vcxproj", "{C1D40624-A484-438A-B846-052F321C89D1}"
EndProject
Project("{2150E333-8FDC-42A3-9474-1A3956D46DE8}") = ".nuget", ".nuget", "{50DF07EF-7C73-4031-8DD6-E3AE0D188371}"
	ProjectSection(SolutionItems) = preProject
		.nuget\packages.config = .nuget\packages.config
	EndProjectSection
EndProject
Project("{FAE04EC0-301F-11D3-BF4B-00C04F79EFBC}") = "Update", "src\Update\Update.csproj", "{1EEBACBC-6982-4696-BD4E-899ED0AC6CD2}"
EndProject
Project("{FAE04EC0-301F-11D3-BF4B-00C04F79EFBC}") = "SyncReleases", "src\SyncReleases\SyncReleases.csproj", "{EB521191-1EBF-4D06-8541-ED192E2EE378}"
EndProject
Project("{2150E333-8FDC-42A3-9474-1A3956D46DE8}") = "SolutionLevel", "SolutionLevel", "{ED657D2C-F8A0-4012-A64F-7367D41BE4D2}"
	ProjectSection(SolutionItems) = preProject
		src\SolutionAssemblyInfo.cs = src\SolutionAssemblyInfo.cs
		src\Squirrel.nuspec = src\Squirrel.nuspec
		vendor\wix\template.wxs = vendor\wix\template.wxs
	EndProjectSection
EndProject
Project("{FAE04EC0-301F-11D3-BF4B-00C04F79EFBC}") = "Core", "vendor\nuget\src\Core\Core.csproj", "{F879F274-EFA0-4157-8404-33A19B4E6AEC}"
EndProject
Project("{8BC9CEB8-8B4A-11D0-8D11-00A0C91BC942}") = "WriteZipToSetup", "src\WriteZipToSetup\WriteZipToSetup.vcxproj", "{4D3C8B70-075D-48A5-9FF3-EDB87347B136}"
EndProject
Project("{FAE04EC0-301F-11D3-BF4B-00C04F79EFBC}") = "Update-Mono", "src\Update\Update-Mono.csproj", "{5B4BC824-73FC-49D7-BD9D-CE53AA1AA86E}"
EndProject
Project("{8BC9CEB8-8B4A-11D0-8D11-00A0C91BC942}") = "StubExecutable", "src\StubExecutable\StubExecutable.vcxproj", "{C028DB2A-E7C5-4232-8C22-D5FBA2176136}"
EndProject
Global
	GlobalSection(SolutionConfigurationPlatforms) = preSolution
		CIBuild|Any CPU = CIBuild|Any CPU
		CIBuild|Mixed Platforms = CIBuild|Mixed Platforms
		CIBuild|x64 = CIBuild|x64
		CIBuild|x86 = CIBuild|x86
		Coverage|Any CPU = Coverage|Any CPU
		Coverage|Mixed Platforms = Coverage|Mixed Platforms
		Coverage|x64 = Coverage|x64
		Coverage|x86 = Coverage|x86
		Debug|Any CPU = Debug|Any CPU
		Debug|Mixed Platforms = Debug|Mixed Platforms
		Debug|x64 = Debug|x64
		Debug|x86 = Debug|x86
		Mono Debug|Any CPU = Mono Debug|Any CPU
		Mono Debug|Mixed Platforms = Mono Debug|Mixed Platforms
		Mono Debug|x64 = Mono Debug|x64
		Mono Debug|x86 = Mono Debug|x86
		Mono Release|Any CPU = Mono Release|Any CPU
		Mono Release|Mixed Platforms = Mono Release|Mixed Platforms
		Mono Release|x64 = Mono Release|x64
		Mono Release|x86 = Mono Release|x86
		Release|Any CPU = Release|Any CPU
		Release|Mixed Platforms = Release|Mixed Platforms
		Release|x64 = Release|x64
		Release|x86 = Release|x86
	EndGlobalSection
	GlobalSection(ProjectConfigurationPlatforms) = postSolution
		{1436E22A-FE3C-4D68-9A85-9E74DF2E6A92}.CIBuild|Any CPU.ActiveCfg = CIBuild|Any CPU
		{1436E22A-FE3C-4D68-9A85-9E74DF2E6A92}.CIBuild|Any CPU.Build.0 = CIBuild|Any CPU
		{1436E22A-FE3C-4D68-9A85-9E74DF2E6A92}.CIBuild|Mixed Platforms.ActiveCfg = CIBuild|Any CPU
		{1436E22A-FE3C-4D68-9A85-9E74DF2E6A92}.CIBuild|Mixed Platforms.Build.0 = CIBuild|Any CPU
		{1436E22A-FE3C-4D68-9A85-9E74DF2E6A92}.CIBuild|x64.ActiveCfg = CIBuild|Any CPU
		{1436E22A-FE3C-4D68-9A85-9E74DF2E6A92}.CIBuild|x64.Build.0 = CIBuild|Any CPU
		{1436E22A-FE3C-4D68-9A85-9E74DF2E6A92}.CIBuild|x86.ActiveCfg = CIBuild|Any CPU
		{1436E22A-FE3C-4D68-9A85-9E74DF2E6A92}.CIBuild|x86.Build.0 = CIBuild|Any CPU
		{1436E22A-FE3C-4D68-9A85-9E74DF2E6A92}.Coverage|Any CPU.ActiveCfg = CIBuild|Any CPU
		{1436E22A-FE3C-4D68-9A85-9E74DF2E6A92}.Coverage|Any CPU.Build.0 = CIBuild|Any CPU
		{1436E22A-FE3C-4D68-9A85-9E74DF2E6A92}.Coverage|Mixed Platforms.ActiveCfg = CIBuild|Any CPU
		{1436E22A-FE3C-4D68-9A85-9E74DF2E6A92}.Coverage|Mixed Platforms.Build.0 = CIBuild|Any CPU
		{1436E22A-FE3C-4D68-9A85-9E74DF2E6A92}.Coverage|x64.ActiveCfg = CIBuild|Any CPU
		{1436E22A-FE3C-4D68-9A85-9E74DF2E6A92}.Coverage|x64.Build.0 = CIBuild|Any CPU
		{1436E22A-FE3C-4D68-9A85-9E74DF2E6A92}.Coverage|x86.ActiveCfg = CIBuild|Any CPU
		{1436E22A-FE3C-4D68-9A85-9E74DF2E6A92}.Coverage|x86.Build.0 = CIBuild|Any CPU
		{1436E22A-FE3C-4D68-9A85-9E74DF2E6A92}.Debug|Any CPU.ActiveCfg = Debug|Any CPU
		{1436E22A-FE3C-4D68-9A85-9E74DF2E6A92}.Debug|Any CPU.Build.0 = Debug|Any CPU
		{1436E22A-FE3C-4D68-9A85-9E74DF2E6A92}.Debug|Mixed Platforms.ActiveCfg = Debug|Any CPU
		{1436E22A-FE3C-4D68-9A85-9E74DF2E6A92}.Debug|Mixed Platforms.Build.0 = Debug|Any CPU
		{1436E22A-FE3C-4D68-9A85-9E74DF2E6A92}.Debug|x64.ActiveCfg = Debug|Any CPU
		{1436E22A-FE3C-4D68-9A85-9E74DF2E6A92}.Debug|x64.Build.0 = Debug|Any CPU
		{1436E22A-FE3C-4D68-9A85-9E74DF2E6A92}.Debug|x86.ActiveCfg = Debug|Any CPU
		{1436E22A-FE3C-4D68-9A85-9E74DF2E6A92}.Debug|x86.Build.0 = Debug|Any CPU
		{1436E22A-FE3C-4D68-9A85-9E74DF2E6A92}.Mono Debug|Any CPU.ActiveCfg = Debug|Any CPU
		{1436E22A-FE3C-4D68-9A85-9E74DF2E6A92}.Mono Debug|Any CPU.Build.0 = Debug|Any CPU
		{1436E22A-FE3C-4D68-9A85-9E74DF2E6A92}.Mono Debug|Mixed Platforms.ActiveCfg = Debug|Any CPU
		{1436E22A-FE3C-4D68-9A85-9E74DF2E6A92}.Mono Debug|Mixed Platforms.Build.0 = Debug|Any CPU
		{1436E22A-FE3C-4D68-9A85-9E74DF2E6A92}.Mono Debug|x64.ActiveCfg = Debug|Any CPU
		{1436E22A-FE3C-4D68-9A85-9E74DF2E6A92}.Mono Debug|x64.Build.0 = Debug|Any CPU
		{1436E22A-FE3C-4D68-9A85-9E74DF2E6A92}.Mono Debug|x86.ActiveCfg = Debug|Any CPU
		{1436E22A-FE3C-4D68-9A85-9E74DF2E6A92}.Mono Debug|x86.Build.0 = Debug|Any CPU
		{1436E22A-FE3C-4D68-9A85-9E74DF2E6A92}.Mono Release|Any CPU.ActiveCfg = Release|Any CPU
		{1436E22A-FE3C-4D68-9A85-9E74DF2E6A92}.Mono Release|Any CPU.Build.0 = Release|Any CPU
		{1436E22A-FE3C-4D68-9A85-9E74DF2E6A92}.Mono Release|Mixed Platforms.ActiveCfg = Release|Any CPU
		{1436E22A-FE3C-4D68-9A85-9E74DF2E6A92}.Mono Release|Mixed Platforms.Build.0 = Release|Any CPU
		{1436E22A-FE3C-4D68-9A85-9E74DF2E6A92}.Mono Release|x64.ActiveCfg = Release|Any CPU
		{1436E22A-FE3C-4D68-9A85-9E74DF2E6A92}.Mono Release|x64.Build.0 = Release|Any CPU
		{1436E22A-FE3C-4D68-9A85-9E74DF2E6A92}.Mono Release|x86.ActiveCfg = Release|Any CPU
		{1436E22A-FE3C-4D68-9A85-9E74DF2E6A92}.Mono Release|x86.Build.0 = Release|Any CPU
		{1436E22A-FE3C-4D68-9A85-9E74DF2E6A92}.Release|Any CPU.ActiveCfg = Release|Any CPU
		{1436E22A-FE3C-4D68-9A85-9E74DF2E6A92}.Release|Any CPU.Build.0 = Release|Any CPU
		{1436E22A-FE3C-4D68-9A85-9E74DF2E6A92}.Release|Mixed Platforms.ActiveCfg = Release|Any CPU
		{1436E22A-FE3C-4D68-9A85-9E74DF2E6A92}.Release|Mixed Platforms.Build.0 = Release|Any CPU
		{1436E22A-FE3C-4D68-9A85-9E74DF2E6A92}.Release|x64.ActiveCfg = Release|Any CPU
		{1436E22A-FE3C-4D68-9A85-9E74DF2E6A92}.Release|x64.Build.0 = Release|Any CPU
		{1436E22A-FE3C-4D68-9A85-9E74DF2E6A92}.Release|x86.ActiveCfg = Release|Any CPU
		{1436E22A-FE3C-4D68-9A85-9E74DF2E6A92}.Release|x86.Build.0 = Release|Any CPU
		{98AEB048-E27D-42F4-9440-505B7F78BAFD}.CIBuild|Any CPU.ActiveCfg = CIBuild|Any CPU
		{98AEB048-E27D-42F4-9440-505B7F78BAFD}.CIBuild|Any CPU.Build.0 = CIBuild|Any CPU
		{98AEB048-E27D-42F4-9440-505B7F78BAFD}.CIBuild|Mixed Platforms.ActiveCfg = CIBuild|Any CPU
		{98AEB048-E27D-42F4-9440-505B7F78BAFD}.CIBuild|Mixed Platforms.Build.0 = CIBuild|Any CPU
		{98AEB048-E27D-42F4-9440-505B7F78BAFD}.CIBuild|x64.ActiveCfg = CIBuild|Any CPU
		{98AEB048-E27D-42F4-9440-505B7F78BAFD}.CIBuild|x64.Build.0 = CIBuild|Any CPU
		{98AEB048-E27D-42F4-9440-505B7F78BAFD}.CIBuild|x86.ActiveCfg = CIBuild|Any CPU
		{98AEB048-E27D-42F4-9440-505B7F78BAFD}.CIBuild|x86.Build.0 = CIBuild|Any CPU
		{98AEB048-E27D-42F4-9440-505B7F78BAFD}.Coverage|Any CPU.ActiveCfg = CIBuild|Any CPU
		{98AEB048-E27D-42F4-9440-505B7F78BAFD}.Coverage|Any CPU.Build.0 = CIBuild|Any CPU
		{98AEB048-E27D-42F4-9440-505B7F78BAFD}.Coverage|Mixed Platforms.ActiveCfg = CIBuild|Any CPU
		{98AEB048-E27D-42F4-9440-505B7F78BAFD}.Coverage|Mixed Platforms.Build.0 = CIBuild|Any CPU
		{98AEB048-E27D-42F4-9440-505B7F78BAFD}.Coverage|x64.ActiveCfg = CIBuild|Any CPU
		{98AEB048-E27D-42F4-9440-505B7F78BAFD}.Coverage|x64.Build.0 = CIBuild|Any CPU
		{98AEB048-E27D-42F4-9440-505B7F78BAFD}.Coverage|x86.ActiveCfg = CIBuild|Any CPU
		{98AEB048-E27D-42F4-9440-505B7F78BAFD}.Coverage|x86.Build.0 = CIBuild|Any CPU
		{98AEB048-E27D-42F4-9440-505B7F78BAFD}.Debug|Any CPU.ActiveCfg = Debug|Any CPU
		{98AEB048-E27D-42F4-9440-505B7F78BAFD}.Debug|Any CPU.Build.0 = Debug|Any CPU
		{98AEB048-E27D-42F4-9440-505B7F78BAFD}.Debug|Mixed Platforms.ActiveCfg = Debug|Any CPU
		{98AEB048-E27D-42F4-9440-505B7F78BAFD}.Debug|Mixed Platforms.Build.0 = Debug|Any CPU
		{98AEB048-E27D-42F4-9440-505B7F78BAFD}.Debug|x64.ActiveCfg = Debug|Any CPU
		{98AEB048-E27D-42F4-9440-505B7F78BAFD}.Debug|x64.Build.0 = Debug|Any CPU
		{98AEB048-E27D-42F4-9440-505B7F78BAFD}.Debug|x86.ActiveCfg = Debug|Any CPU
		{98AEB048-E27D-42F4-9440-505B7F78BAFD}.Debug|x86.Build.0 = Debug|Any CPU
		{98AEB048-E27D-42F4-9440-505B7F78BAFD}.Mono Debug|Any CPU.ActiveCfg = Debug|Any CPU
		{98AEB048-E27D-42F4-9440-505B7F78BAFD}.Mono Debug|Any CPU.Build.0 = Debug|Any CPU
		{98AEB048-E27D-42F4-9440-505B7F78BAFD}.Mono Debug|Mixed Platforms.ActiveCfg = Debug|Any CPU
		{98AEB048-E27D-42F4-9440-505B7F78BAFD}.Mono Debug|Mixed Platforms.Build.0 = Debug|Any CPU
		{98AEB048-E27D-42F4-9440-505B7F78BAFD}.Mono Debug|x64.ActiveCfg = Debug|Any CPU
		{98AEB048-E27D-42F4-9440-505B7F78BAFD}.Mono Debug|x64.Build.0 = Debug|Any CPU
		{98AEB048-E27D-42F4-9440-505B7F78BAFD}.Mono Debug|x86.ActiveCfg = Debug|Any CPU
		{98AEB048-E27D-42F4-9440-505B7F78BAFD}.Mono Debug|x86.Build.0 = Debug|Any CPU
		{98AEB048-E27D-42F4-9440-505B7F78BAFD}.Mono Release|Any CPU.ActiveCfg = Release|Any CPU
		{98AEB048-E27D-42F4-9440-505B7F78BAFD}.Mono Release|Any CPU.Build.0 = Release|Any CPU
		{98AEB048-E27D-42F4-9440-505B7F78BAFD}.Mono Release|Mixed Platforms.ActiveCfg = Release|Any CPU
		{98AEB048-E27D-42F4-9440-505B7F78BAFD}.Mono Release|Mixed Platforms.Build.0 = Release|Any CPU
		{98AEB048-E27D-42F4-9440-505B7F78BAFD}.Mono Release|x64.ActiveCfg = Release|Any CPU
		{98AEB048-E27D-42F4-9440-505B7F78BAFD}.Mono Release|x64.Build.0 = Release|Any CPU
		{98AEB048-E27D-42F4-9440-505B7F78BAFD}.Mono Release|x86.ActiveCfg = Release|Any CPU
		{98AEB048-E27D-42F4-9440-505B7F78BAFD}.Mono Release|x86.Build.0 = Release|Any CPU
		{98AEB048-E27D-42F4-9440-505B7F78BAFD}.Release|Any CPU.ActiveCfg = Release|Any CPU
		{98AEB048-E27D-42F4-9440-505B7F78BAFD}.Release|Any CPU.Build.0 = Release|Any CPU
		{98AEB048-E27D-42F4-9440-505B7F78BAFD}.Release|Mixed Platforms.ActiveCfg = Release|Any CPU
		{98AEB048-E27D-42F4-9440-505B7F78BAFD}.Release|Mixed Platforms.Build.0 = Release|Any CPU
		{98AEB048-E27D-42F4-9440-505B7F78BAFD}.Release|x64.ActiveCfg = Release|Any CPU
		{98AEB048-E27D-42F4-9440-505B7F78BAFD}.Release|x64.Build.0 = Release|Any CPU
		{98AEB048-E27D-42F4-9440-505B7F78BAFD}.Release|x86.ActiveCfg = Release|Any CPU
		{98AEB048-E27D-42F4-9440-505B7F78BAFD}.Release|x86.Build.0 = Release|Any CPU
		{C1D40624-A484-438A-B846-052F321C89D1}.CIBuild|Any CPU.ActiveCfg = CIBuild|Win32
		{C1D40624-A484-438A-B846-052F321C89D1}.CIBuild|Any CPU.Build.0 = CIBuild|Win32
		{C1D40624-A484-438A-B846-052F321C89D1}.CIBuild|Mixed Platforms.ActiveCfg = CIBuild|Win32
		{C1D40624-A484-438A-B846-052F321C89D1}.CIBuild|Mixed Platforms.Build.0 = CIBuild|Win32
		{C1D40624-A484-438A-B846-052F321C89D1}.CIBuild|x64.ActiveCfg = CIBuild|Win32
		{C1D40624-A484-438A-B846-052F321C89D1}.CIBuild|x86.ActiveCfg = CIBuild|Win32
		{C1D40624-A484-438A-B846-052F321C89D1}.CIBuild|x86.Build.0 = CIBuild|Win32
		{C1D40624-A484-438A-B846-052F321C89D1}.Coverage|Any CPU.ActiveCfg = Release|Win32
		{C1D40624-A484-438A-B846-052F321C89D1}.Coverage|Any CPU.Build.0 = Release|Win32
		{C1D40624-A484-438A-B846-052F321C89D1}.Coverage|Mixed Platforms.ActiveCfg = CIBuild|Win32
		{C1D40624-A484-438A-B846-052F321C89D1}.Coverage|Mixed Platforms.Build.0 = CIBuild|Win32
		{C1D40624-A484-438A-B846-052F321C89D1}.Coverage|x64.ActiveCfg = Debug|Win32
		{C1D40624-A484-438A-B846-052F321C89D1}.Coverage|x64.Build.0 = Debug|Win32
		{C1D40624-A484-438A-B846-052F321C89D1}.Coverage|x86.ActiveCfg = CIBuild|Win32
		{C1D40624-A484-438A-B846-052F321C89D1}.Coverage|x86.Build.0 = CIBuild|Win32
		{C1D40624-A484-438A-B846-052F321C89D1}.Debug|Any CPU.ActiveCfg = Debug|Win32
		{C1D40624-A484-438A-B846-052F321C89D1}.Debug|Any CPU.Build.0 = Debug|Win32
		{C1D40624-A484-438A-B846-052F321C89D1}.Debug|Mixed Platforms.ActiveCfg = Debug|Win32
		{C1D40624-A484-438A-B846-052F321C89D1}.Debug|Mixed Platforms.Build.0 = Debug|Win32
		{C1D40624-A484-438A-B846-052F321C89D1}.Debug|x64.ActiveCfg = Debug|Win32
		{C1D40624-A484-438A-B846-052F321C89D1}.Debug|x86.ActiveCfg = Debug|Win32
		{C1D40624-A484-438A-B846-052F321C89D1}.Debug|x86.Build.0 = Debug|Win32
		{C1D40624-A484-438A-B846-052F321C89D1}.Mono Debug|Any CPU.ActiveCfg = Release|Win32
		{C1D40624-A484-438A-B846-052F321C89D1}.Mono Debug|Any CPU.Build.0 = Release|Win32
		{C1D40624-A484-438A-B846-052F321C89D1}.Mono Debug|Mixed Platforms.ActiveCfg = Debug|Win32
		{C1D40624-A484-438A-B846-052F321C89D1}.Mono Debug|Mixed Platforms.Build.0 = Debug|Win32
		{C1D40624-A484-438A-B846-052F321C89D1}.Mono Debug|x64.ActiveCfg = Debug|Win32
		{C1D40624-A484-438A-B846-052F321C89D1}.Mono Debug|x64.Build.0 = Debug|Win32
		{C1D40624-A484-438A-B846-052F321C89D1}.Mono Debug|x86.ActiveCfg = Debug|Win32
		{C1D40624-A484-438A-B846-052F321C89D1}.Mono Debug|x86.Build.0 = Debug|Win32
		{C1D40624-A484-438A-B846-052F321C89D1}.Mono Release|Any CPU.ActiveCfg = Release|Win32
		{C1D40624-A484-438A-B846-052F321C89D1}.Mono Release|Any CPU.Build.0 = Release|Win32
		{C1D40624-A484-438A-B846-052F321C89D1}.Mono Release|Mixed Platforms.ActiveCfg = Release|Win32
		{C1D40624-A484-438A-B846-052F321C89D1}.Mono Release|Mixed Platforms.Build.0 = Release|Win32
		{C1D40624-A484-438A-B846-052F321C89D1}.Mono Release|x64.ActiveCfg = Debug|Win32
		{C1D40624-A484-438A-B846-052F321C89D1}.Mono Release|x64.Build.0 = Debug|Win32
		{C1D40624-A484-438A-B846-052F321C89D1}.Mono Release|x86.ActiveCfg = Release|Win32
		{C1D40624-A484-438A-B846-052F321C89D1}.Mono Release|x86.Build.0 = Release|Win32
		{C1D40624-A484-438A-B846-052F321C89D1}.Release|Any CPU.ActiveCfg = Release|Win32
		{C1D40624-A484-438A-B846-052F321C89D1}.Release|Any CPU.Build.0 = Release|Win32
		{C1D40624-A484-438A-B846-052F321C89D1}.Release|Mixed Platforms.ActiveCfg = Release|Win32
		{C1D40624-A484-438A-B846-052F321C89D1}.Release|Mixed Platforms.Build.0 = Release|Win32
		{C1D40624-A484-438A-B846-052F321C89D1}.Release|x64.ActiveCfg = Release|Win32
		{C1D40624-A484-438A-B846-052F321C89D1}.Release|x86.ActiveCfg = Release|Win32
		{C1D40624-A484-438A-B846-052F321C89D1}.Release|x86.Build.0 = Release|Win32
		{1EEBACBC-6982-4696-BD4E-899ED0AC6CD2}.CIBuild|Any CPU.ActiveCfg = Release|Any CPU
		{1EEBACBC-6982-4696-BD4E-899ED0AC6CD2}.CIBuild|Any CPU.Build.0 = Release|Any CPU
		{1EEBACBC-6982-4696-BD4E-899ED0AC6CD2}.CIBuild|Mixed Platforms.ActiveCfg = Release|Any CPU
		{1EEBACBC-6982-4696-BD4E-899ED0AC6CD2}.CIBuild|Mixed Platforms.Build.0 = Release|Any CPU
		{1EEBACBC-6982-4696-BD4E-899ED0AC6CD2}.CIBuild|x64.ActiveCfg = Debug|Any CPU
		{1EEBACBC-6982-4696-BD4E-899ED0AC6CD2}.CIBuild|x64.Build.0 = Debug|Any CPU
		{1EEBACBC-6982-4696-BD4E-899ED0AC6CD2}.CIBuild|x86.ActiveCfg = Debug|Any CPU
		{1EEBACBC-6982-4696-BD4E-899ED0AC6CD2}.CIBuild|x86.Build.0 = Debug|Any CPU
		{1EEBACBC-6982-4696-BD4E-899ED0AC6CD2}.Coverage|Any CPU.ActiveCfg = Debug|Any CPU
		{1EEBACBC-6982-4696-BD4E-899ED0AC6CD2}.Coverage|Any CPU.Build.0 = Debug|Any CPU
		{1EEBACBC-6982-4696-BD4E-899ED0AC6CD2}.Coverage|Mixed Platforms.ActiveCfg = Debug|Any CPU
		{1EEBACBC-6982-4696-BD4E-899ED0AC6CD2}.Coverage|Mixed Platforms.Build.0 = Debug|Any CPU
		{1EEBACBC-6982-4696-BD4E-899ED0AC6CD2}.Coverage|x64.ActiveCfg = Debug|Any CPU
		{1EEBACBC-6982-4696-BD4E-899ED0AC6CD2}.Coverage|x64.Build.0 = Debug|Any CPU
		{1EEBACBC-6982-4696-BD4E-899ED0AC6CD2}.Coverage|x86.ActiveCfg = Debug|Any CPU
		{1EEBACBC-6982-4696-BD4E-899ED0AC6CD2}.Coverage|x86.Build.0 = Debug|Any CPU
		{1EEBACBC-6982-4696-BD4E-899ED0AC6CD2}.Debug|Any CPU.ActiveCfg = Debug|Any CPU
		{1EEBACBC-6982-4696-BD4E-899ED0AC6CD2}.Debug|Any CPU.Build.0 = Debug|Any CPU
		{1EEBACBC-6982-4696-BD4E-899ED0AC6CD2}.Debug|Mixed Platforms.ActiveCfg = Debug|Any CPU
		{1EEBACBC-6982-4696-BD4E-899ED0AC6CD2}.Debug|Mixed Platforms.Build.0 = Debug|Any CPU
		{1EEBACBC-6982-4696-BD4E-899ED0AC6CD2}.Debug|x64.ActiveCfg = Debug|Any CPU
		{1EEBACBC-6982-4696-BD4E-899ED0AC6CD2}.Debug|x64.Build.0 = Debug|Any CPU
		{1EEBACBC-6982-4696-BD4E-899ED0AC6CD2}.Debug|x86.ActiveCfg = Debug|Any CPU
		{1EEBACBC-6982-4696-BD4E-899ED0AC6CD2}.Debug|x86.Build.0 = Debug|Any CPU
		{1EEBACBC-6982-4696-BD4E-899ED0AC6CD2}.Mono Debug|Any CPU.ActiveCfg = Debug|Any CPU
		{1EEBACBC-6982-4696-BD4E-899ED0AC6CD2}.Mono Debug|Any CPU.Build.0 = Debug|Any CPU
		{1EEBACBC-6982-4696-BD4E-899ED0AC6CD2}.Mono Debug|Mixed Platforms.ActiveCfg = Debug|Any CPU
		{1EEBACBC-6982-4696-BD4E-899ED0AC6CD2}.Mono Debug|Mixed Platforms.Build.0 = Debug|Any CPU
		{1EEBACBC-6982-4696-BD4E-899ED0AC6CD2}.Mono Debug|x64.ActiveCfg = Debug|Any CPU
		{1EEBACBC-6982-4696-BD4E-899ED0AC6CD2}.Mono Debug|x64.Build.0 = Debug|Any CPU
		{1EEBACBC-6982-4696-BD4E-899ED0AC6CD2}.Mono Debug|x86.ActiveCfg = Debug|Any CPU
		{1EEBACBC-6982-4696-BD4E-899ED0AC6CD2}.Mono Debug|x86.Build.0 = Debug|Any CPU
		{1EEBACBC-6982-4696-BD4E-899ED0AC6CD2}.Mono Release|Any CPU.ActiveCfg = Release|Any CPU
		{1EEBACBC-6982-4696-BD4E-899ED0AC6CD2}.Mono Release|Any CPU.Build.0 = Release|Any CPU
		{1EEBACBC-6982-4696-BD4E-899ED0AC6CD2}.Mono Release|Mixed Platforms.ActiveCfg = Release|Any CPU
		{1EEBACBC-6982-4696-BD4E-899ED0AC6CD2}.Mono Release|Mixed Platforms.Build.0 = Release|Any CPU
		{1EEBACBC-6982-4696-BD4E-899ED0AC6CD2}.Mono Release|x64.ActiveCfg = Release|Any CPU
		{1EEBACBC-6982-4696-BD4E-899ED0AC6CD2}.Mono Release|x64.Build.0 = Release|Any CPU
		{1EEBACBC-6982-4696-BD4E-899ED0AC6CD2}.Mono Release|x86.ActiveCfg = Release|Any CPU
		{1EEBACBC-6982-4696-BD4E-899ED0AC6CD2}.Mono Release|x86.Build.0 = Release|Any CPU
		{1EEBACBC-6982-4696-BD4E-899ED0AC6CD2}.Release|Any CPU.ActiveCfg = Release|Any CPU
		{1EEBACBC-6982-4696-BD4E-899ED0AC6CD2}.Release|Any CPU.Build.0 = Release|Any CPU
		{1EEBACBC-6982-4696-BD4E-899ED0AC6CD2}.Release|Mixed Platforms.ActiveCfg = Release|Any CPU
		{1EEBACBC-6982-4696-BD4E-899ED0AC6CD2}.Release|Mixed Platforms.Build.0 = Release|Any CPU
		{1EEBACBC-6982-4696-BD4E-899ED0AC6CD2}.Release|x64.ActiveCfg = Release|Any CPU
		{1EEBACBC-6982-4696-BD4E-899ED0AC6CD2}.Release|x64.Build.0 = Release|Any CPU
		{1EEBACBC-6982-4696-BD4E-899ED0AC6CD2}.Release|x86.ActiveCfg = Release|Any CPU
		{1EEBACBC-6982-4696-BD4E-899ED0AC6CD2}.Release|x86.Build.0 = Release|Any CPU
		{EB521191-1EBF-4D06-8541-ED192E2EE378}.CIBuild|Any CPU.ActiveCfg = Release|Any CPU
		{EB521191-1EBF-4D06-8541-ED192E2EE378}.CIBuild|Any CPU.Build.0 = Release|Any CPU
		{EB521191-1EBF-4D06-8541-ED192E2EE378}.CIBuild|Mixed Platforms.ActiveCfg = Release|Any CPU
		{EB521191-1EBF-4D06-8541-ED192E2EE378}.CIBuild|Mixed Platforms.Build.0 = Release|Any CPU
		{EB521191-1EBF-4D06-8541-ED192E2EE378}.CIBuild|x64.ActiveCfg = Debug|Any CPU
		{EB521191-1EBF-4D06-8541-ED192E2EE378}.CIBuild|x64.Build.0 = Debug|Any CPU
		{EB521191-1EBF-4D06-8541-ED192E2EE378}.CIBuild|x86.ActiveCfg = Debug|Any CPU
		{EB521191-1EBF-4D06-8541-ED192E2EE378}.CIBuild|x86.Build.0 = Debug|Any CPU
		{EB521191-1EBF-4D06-8541-ED192E2EE378}.Coverage|Any CPU.ActiveCfg = Debug|Any CPU
		{EB521191-1EBF-4D06-8541-ED192E2EE378}.Coverage|Any CPU.Build.0 = Debug|Any CPU
		{EB521191-1EBF-4D06-8541-ED192E2EE378}.Coverage|Mixed Platforms.ActiveCfg = Debug|Any CPU
		{EB521191-1EBF-4D06-8541-ED192E2EE378}.Coverage|Mixed Platforms.Build.0 = Debug|Any CPU
		{EB521191-1EBF-4D06-8541-ED192E2EE378}.Coverage|x64.ActiveCfg = Debug|Any CPU
		{EB521191-1EBF-4D06-8541-ED192E2EE378}.Coverage|x64.Build.0 = Debug|Any CPU
		{EB521191-1EBF-4D06-8541-ED192E2EE378}.Coverage|x86.ActiveCfg = Debug|Any CPU
		{EB521191-1EBF-4D06-8541-ED192E2EE378}.Coverage|x86.Build.0 = Debug|Any CPU
		{EB521191-1EBF-4D06-8541-ED192E2EE378}.Debug|Any CPU.ActiveCfg = Debug|Any CPU
		{EB521191-1EBF-4D06-8541-ED192E2EE378}.Debug|Any CPU.Build.0 = Debug|Any CPU
		{EB521191-1EBF-4D06-8541-ED192E2EE378}.Debug|Mixed Platforms.ActiveCfg = Debug|Any CPU
		{EB521191-1EBF-4D06-8541-ED192E2EE378}.Debug|Mixed Platforms.Build.0 = Debug|Any CPU
		{EB521191-1EBF-4D06-8541-ED192E2EE378}.Debug|x64.ActiveCfg = Debug|Any CPU
		{EB521191-1EBF-4D06-8541-ED192E2EE378}.Debug|x64.Build.0 = Debug|Any CPU
		{EB521191-1EBF-4D06-8541-ED192E2EE378}.Debug|x86.ActiveCfg = Debug|Any CPU
		{EB521191-1EBF-4D06-8541-ED192E2EE378}.Debug|x86.Build.0 = Debug|Any CPU
		{EB521191-1EBF-4D06-8541-ED192E2EE378}.Mono Debug|Any CPU.ActiveCfg = Debug|Any CPU
		{EB521191-1EBF-4D06-8541-ED192E2EE378}.Mono Debug|Any CPU.Build.0 = Debug|Any CPU
		{EB521191-1EBF-4D06-8541-ED192E2EE378}.Mono Debug|Mixed Platforms.ActiveCfg = Debug|Any CPU
		{EB521191-1EBF-4D06-8541-ED192E2EE378}.Mono Debug|Mixed Platforms.Build.0 = Debug|Any CPU
		{EB521191-1EBF-4D06-8541-ED192E2EE378}.Mono Debug|x64.ActiveCfg = Debug|Any CPU
		{EB521191-1EBF-4D06-8541-ED192E2EE378}.Mono Debug|x64.Build.0 = Debug|Any CPU
		{EB521191-1EBF-4D06-8541-ED192E2EE378}.Mono Debug|x86.ActiveCfg = Debug|Any CPU
		{EB521191-1EBF-4D06-8541-ED192E2EE378}.Mono Debug|x86.Build.0 = Debug|Any CPU
		{EB521191-1EBF-4D06-8541-ED192E2EE378}.Mono Release|Any CPU.ActiveCfg = Release|Any CPU
		{EB521191-1EBF-4D06-8541-ED192E2EE378}.Mono Release|Any CPU.Build.0 = Release|Any CPU
		{EB521191-1EBF-4D06-8541-ED192E2EE378}.Mono Release|Mixed Platforms.ActiveCfg = Release|Any CPU
		{EB521191-1EBF-4D06-8541-ED192E2EE378}.Mono Release|Mixed Platforms.Build.0 = Release|Any CPU
		{EB521191-1EBF-4D06-8541-ED192E2EE378}.Mono Release|x64.ActiveCfg = Release|Any CPU
		{EB521191-1EBF-4D06-8541-ED192E2EE378}.Mono Release|x64.Build.0 = Release|Any CPU
		{EB521191-1EBF-4D06-8541-ED192E2EE378}.Mono Release|x86.ActiveCfg = Release|Any CPU
		{EB521191-1EBF-4D06-8541-ED192E2EE378}.Mono Release|x86.Build.0 = Release|Any CPU
		{EB521191-1EBF-4D06-8541-ED192E2EE378}.Release|Any CPU.ActiveCfg = Release|Any CPU
		{EB521191-1EBF-4D06-8541-ED192E2EE378}.Release|Any CPU.Build.0 = Release|Any CPU
		{EB521191-1EBF-4D06-8541-ED192E2EE378}.Release|Mixed Platforms.ActiveCfg = Release|Any CPU
		{EB521191-1EBF-4D06-8541-ED192E2EE378}.Release|Mixed Platforms.Build.0 = Release|Any CPU
		{EB521191-1EBF-4D06-8541-ED192E2EE378}.Release|x64.ActiveCfg = Release|Any CPU
		{EB521191-1EBF-4D06-8541-ED192E2EE378}.Release|x64.Build.0 = Release|Any CPU
		{EB521191-1EBF-4D06-8541-ED192E2EE378}.Release|x86.ActiveCfg = Release|Any CPU
		{EB521191-1EBF-4D06-8541-ED192E2EE378}.Release|x86.Build.0 = Release|Any CPU
		{F879F274-EFA0-4157-8404-33A19B4E6AEC}.CIBuild|Any CPU.ActiveCfg = Coverage|Any CPU
		{F879F274-EFA0-4157-8404-33A19B4E6AEC}.CIBuild|Any CPU.Build.0 = Coverage|Any CPU
		{F879F274-EFA0-4157-8404-33A19B4E6AEC}.CIBuild|Mixed Platforms.ActiveCfg = Coverage|Any CPU
		{F879F274-EFA0-4157-8404-33A19B4E6AEC}.CIBuild|Mixed Platforms.Build.0 = Coverage|Any CPU
		{F879F274-EFA0-4157-8404-33A19B4E6AEC}.CIBuild|x64.ActiveCfg = Coverage|Any CPU
		{F879F274-EFA0-4157-8404-33A19B4E6AEC}.CIBuild|x64.Build.0 = Coverage|Any CPU
		{F879F274-EFA0-4157-8404-33A19B4E6AEC}.CIBuild|x86.ActiveCfg = Coverage|Any CPU
		{F879F274-EFA0-4157-8404-33A19B4E6AEC}.CIBuild|x86.Build.0 = Coverage|Any CPU
		{F879F274-EFA0-4157-8404-33A19B4E6AEC}.Coverage|Any CPU.ActiveCfg = Coverage|Any CPU
		{F879F274-EFA0-4157-8404-33A19B4E6AEC}.Coverage|Any CPU.Build.0 = Coverage|Any CPU
		{F879F274-EFA0-4157-8404-33A19B4E6AEC}.Coverage|Mixed Platforms.ActiveCfg = Coverage|Any CPU
		{F879F274-EFA0-4157-8404-33A19B4E6AEC}.Coverage|Mixed Platforms.Build.0 = Coverage|Any CPU
		{F879F274-EFA0-4157-8404-33A19B4E6AEC}.Coverage|x64.ActiveCfg = Coverage|Any CPU
		{F879F274-EFA0-4157-8404-33A19B4E6AEC}.Coverage|x64.Build.0 = Coverage|Any CPU
		{F879F274-EFA0-4157-8404-33A19B4E6AEC}.Coverage|x86.ActiveCfg = Coverage|Any CPU
		{F879F274-EFA0-4157-8404-33A19B4E6AEC}.Coverage|x86.Build.0 = Coverage|Any CPU
		{F879F274-EFA0-4157-8404-33A19B4E6AEC}.Debug|Any CPU.ActiveCfg = Debug|Any CPU
		{F879F274-EFA0-4157-8404-33A19B4E6AEC}.Debug|Any CPU.Build.0 = Debug|Any CPU
		{F879F274-EFA0-4157-8404-33A19B4E6AEC}.Debug|Mixed Platforms.ActiveCfg = Debug|Any CPU
		{F879F274-EFA0-4157-8404-33A19B4E6AEC}.Debug|Mixed Platforms.Build.0 = Debug|Any CPU
		{F879F274-EFA0-4157-8404-33A19B4E6AEC}.Debug|x64.ActiveCfg = Debug|Any CPU
		{F879F274-EFA0-4157-8404-33A19B4E6AEC}.Debug|x64.Build.0 = Debug|Any CPU
		{F879F274-EFA0-4157-8404-33A19B4E6AEC}.Debug|x86.ActiveCfg = Debug|Any CPU
		{F879F274-EFA0-4157-8404-33A19B4E6AEC}.Debug|x86.Build.0 = Debug|Any CPU
		{F879F274-EFA0-4157-8404-33A19B4E6AEC}.Mono Debug|Any CPU.ActiveCfg = Mono Debug|Any CPU
		{F879F274-EFA0-4157-8404-33A19B4E6AEC}.Mono Debug|Any CPU.Build.0 = Mono Debug|Any CPU
		{F879F274-EFA0-4157-8404-33A19B4E6AEC}.Mono Debug|Mixed Platforms.ActiveCfg = Mono Debug|Any CPU
		{F879F274-EFA0-4157-8404-33A19B4E6AEC}.Mono Debug|Mixed Platforms.Build.0 = Mono Debug|Any CPU
		{F879F274-EFA0-4157-8404-33A19B4E6AEC}.Mono Debug|x64.ActiveCfg = Mono Debug|Any CPU
		{F879F274-EFA0-4157-8404-33A19B4E6AEC}.Mono Debug|x64.Build.0 = Mono Debug|Any CPU
		{F879F274-EFA0-4157-8404-33A19B4E6AEC}.Mono Debug|x86.ActiveCfg = Mono Debug|Any CPU
		{F879F274-EFA0-4157-8404-33A19B4E6AEC}.Mono Debug|x86.Build.0 = Mono Debug|Any CPU
		{F879F274-EFA0-4157-8404-33A19B4E6AEC}.Mono Release|Any CPU.ActiveCfg = Mono Release|Any CPU
		{F879F274-EFA0-4157-8404-33A19B4E6AEC}.Mono Release|Any CPU.Build.0 = Mono Release|Any CPU
		{F879F274-EFA0-4157-8404-33A19B4E6AEC}.Mono Release|Mixed Platforms.ActiveCfg = Mono Release|Any CPU
		{F879F274-EFA0-4157-8404-33A19B4E6AEC}.Mono Release|Mixed Platforms.Build.0 = Mono Release|Any CPU
		{F879F274-EFA0-4157-8404-33A19B4E6AEC}.Mono Release|x64.ActiveCfg = Mono Release|Any CPU
		{F879F274-EFA0-4157-8404-33A19B4E6AEC}.Mono Release|x64.Build.0 = Mono Release|Any CPU
		{F879F274-EFA0-4157-8404-33A19B4E6AEC}.Mono Release|x86.ActiveCfg = Mono Release|Any CPU
		{F879F274-EFA0-4157-8404-33A19B4E6AEC}.Mono Release|x86.Build.0 = Mono Release|Any CPU
		{F879F274-EFA0-4157-8404-33A19B4E6AEC}.Release|Any CPU.ActiveCfg = Release|Any CPU
		{F879F274-EFA0-4157-8404-33A19B4E6AEC}.Release|Any CPU.Build.0 = Release|Any CPU
		{F879F274-EFA0-4157-8404-33A19B4E6AEC}.Release|Mixed Platforms.ActiveCfg = Release|Any CPU
		{F879F274-EFA0-4157-8404-33A19B4E6AEC}.Release|Mixed Platforms.Build.0 = Release|Any CPU
		{F879F274-EFA0-4157-8404-33A19B4E6AEC}.Release|x64.ActiveCfg = Release|Any CPU
		{F879F274-EFA0-4157-8404-33A19B4E6AEC}.Release|x64.Build.0 = Release|Any CPU
		{F879F274-EFA0-4157-8404-33A19B4E6AEC}.Release|x86.ActiveCfg = Release|Any CPU
		{F879F274-EFA0-4157-8404-33A19B4E6AEC}.Release|x86.Build.0 = Release|Any CPU
		{4D3C8B70-075D-48A5-9FF3-EDB87347B136}.CIBuild|Any CPU.ActiveCfg = Debug|Win32
		{4D3C8B70-075D-48A5-9FF3-EDB87347B136}.CIBuild|Any CPU.Build.0 = Debug|Win32
		{4D3C8B70-075D-48A5-9FF3-EDB87347B136}.CIBuild|Mixed Platforms.ActiveCfg = Release|Win32
		{4D3C8B70-075D-48A5-9FF3-EDB87347B136}.CIBuild|Mixed Platforms.Build.0 = Release|Win32
		{4D3C8B70-075D-48A5-9FF3-EDB87347B136}.CIBuild|x64.ActiveCfg = Debug|Win32
		{4D3C8B70-075D-48A5-9FF3-EDB87347B136}.CIBuild|x64.Build.0 = Debug|Win32
		{4D3C8B70-075D-48A5-9FF3-EDB87347B136}.CIBuild|x86.ActiveCfg = Release|Win32
		{4D3C8B70-075D-48A5-9FF3-EDB87347B136}.CIBuild|x86.Build.0 = Release|Win32
		{4D3C8B70-075D-48A5-9FF3-EDB87347B136}.Coverage|Any CPU.ActiveCfg = Debug|Win32
		{4D3C8B70-075D-48A5-9FF3-EDB87347B136}.Coverage|Any CPU.Build.0 = Debug|Win32
		{4D3C8B70-075D-48A5-9FF3-EDB87347B136}.Coverage|Mixed Platforms.ActiveCfg = Release|Win32
		{4D3C8B70-075D-48A5-9FF3-EDB87347B136}.Coverage|Mixed Platforms.Build.0 = Release|Win32
		{4D3C8B70-075D-48A5-9FF3-EDB87347B136}.Coverage|x64.ActiveCfg = Debug|Win32
		{4D3C8B70-075D-48A5-9FF3-EDB87347B136}.Coverage|x64.Build.0 = Debug|Win32
		{4D3C8B70-075D-48A5-9FF3-EDB87347B136}.Coverage|x86.ActiveCfg = Release|Win32
		{4D3C8B70-075D-48A5-9FF3-EDB87347B136}.Coverage|x86.Build.0 = Release|Win32
		{4D3C8B70-075D-48A5-9FF3-EDB87347B136}.Debug|Any CPU.ActiveCfg = Debug|Win32
		{4D3C8B70-075D-48A5-9FF3-EDB87347B136}.Debug|Any CPU.Build.0 = Debug|Win32
		{4D3C8B70-075D-48A5-9FF3-EDB87347B136}.Debug|Mixed Platforms.ActiveCfg = Debug|Win32
		{4D3C8B70-075D-48A5-9FF3-EDB87347B136}.Debug|Mixed Platforms.Build.0 = Debug|Win32
		{4D3C8B70-075D-48A5-9FF3-EDB87347B136}.Debug|x64.ActiveCfg = Debug|Win32
		{4D3C8B70-075D-48A5-9FF3-EDB87347B136}.Debug|x86.ActiveCfg = Debug|Win32
		{4D3C8B70-075D-48A5-9FF3-EDB87347B136}.Debug|x86.Build.0 = Debug|Win32
		{4D3C8B70-075D-48A5-9FF3-EDB87347B136}.Mono Debug|Any CPU.ActiveCfg = Debug|Win32
		{4D3C8B70-075D-48A5-9FF3-EDB87347B136}.Mono Debug|Any CPU.Build.0 = Debug|Win32
		{4D3C8B70-075D-48A5-9FF3-EDB87347B136}.Mono Debug|Mixed Platforms.ActiveCfg = Debug|Win32
		{4D3C8B70-075D-48A5-9FF3-EDB87347B136}.Mono Debug|Mixed Platforms.Build.0 = Debug|Win32
		{4D3C8B70-075D-48A5-9FF3-EDB87347B136}.Mono Debug|x64.ActiveCfg = Debug|Win32
		{4D3C8B70-075D-48A5-9FF3-EDB87347B136}.Mono Debug|x64.Build.0 = Debug|Win32
		{4D3C8B70-075D-48A5-9FF3-EDB87347B136}.Mono Debug|x86.ActiveCfg = Debug|Win32
		{4D3C8B70-075D-48A5-9FF3-EDB87347B136}.Mono Debug|x86.Build.0 = Debug|Win32
		{4D3C8B70-075D-48A5-9FF3-EDB87347B136}.Mono Release|Any CPU.ActiveCfg = Debug|Win32
		{4D3C8B70-075D-48A5-9FF3-EDB87347B136}.Mono Release|Any CPU.Build.0 = Debug|Win32
		{4D3C8B70-075D-48A5-9FF3-EDB87347B136}.Mono Release|Mixed Platforms.ActiveCfg = Release|Win32
		{4D3C8B70-075D-48A5-9FF3-EDB87347B136}.Mono Release|Mixed Platforms.Build.0 = Release|Win32
		{4D3C8B70-075D-48A5-9FF3-EDB87347B136}.Mono Release|x64.ActiveCfg = Debug|Win32
		{4D3C8B70-075D-48A5-9FF3-EDB87347B136}.Mono Release|x64.Build.0 = Debug|Win32
		{4D3C8B70-075D-48A5-9FF3-EDB87347B136}.Mono Release|x86.ActiveCfg = Release|Win32
		{4D3C8B70-075D-48A5-9FF3-EDB87347B136}.Mono Release|x86.Build.0 = Release|Win32
		{4D3C8B70-075D-48A5-9FF3-EDB87347B136}.Release|Any CPU.ActiveCfg = Release|Win32
		{4D3C8B70-075D-48A5-9FF3-EDB87347B136}.Release|Any CPU.Build.0 = Release|Win32
		{4D3C8B70-075D-48A5-9FF3-EDB87347B136}.Release|Mixed Platforms.ActiveCfg = Release|Win32
		{4D3C8B70-075D-48A5-9FF3-EDB87347B136}.Release|Mixed Platforms.Build.0 = Release|Win32
		{4D3C8B70-075D-48A5-9FF3-EDB87347B136}.Release|x64.ActiveCfg = Release|Win32
		{4D3C8B70-075D-48A5-9FF3-EDB87347B136}.Release|x86.ActiveCfg = Release|Win32
		{4D3C8B70-075D-48A5-9FF3-EDB87347B136}.Release|x86.Build.0 = Release|Win32
		{5B4BC824-73FC-49D7-BD9D-CE53AA1AA86E}.CIBuild|Any CPU.ActiveCfg = Release|Any CPU
		{5B4BC824-73FC-49D7-BD9D-CE53AA1AA86E}.CIBuild|Any CPU.Build.0 = Release|Any CPU
		{5B4BC824-73FC-49D7-BD9D-CE53AA1AA86E}.CIBuild|Mixed Platforms.ActiveCfg = Release|Any CPU
		{5B4BC824-73FC-49D7-BD9D-CE53AA1AA86E}.CIBuild|Mixed Platforms.Build.0 = Release|Any CPU
		{5B4BC824-73FC-49D7-BD9D-CE53AA1AA86E}.CIBuild|x64.ActiveCfg = Release|Any CPU
		{5B4BC824-73FC-49D7-BD9D-CE53AA1AA86E}.CIBuild|x64.Build.0 = Release|Any CPU
		{5B4BC824-73FC-49D7-BD9D-CE53AA1AA86E}.CIBuild|x86.ActiveCfg = Release|Any CPU
		{5B4BC824-73FC-49D7-BD9D-CE53AA1AA86E}.CIBuild|x86.Build.0 = Release|Any CPU
		{5B4BC824-73FC-49D7-BD9D-CE53AA1AA86E}.Coverage|Any CPU.ActiveCfg = Release|Any CPU
		{5B4BC824-73FC-49D7-BD9D-CE53AA1AA86E}.Coverage|Any CPU.Build.0 = Release|Any CPU
		{5B4BC824-73FC-49D7-BD9D-CE53AA1AA86E}.Coverage|Mixed Platforms.ActiveCfg = Release|Any CPU
		{5B4BC824-73FC-49D7-BD9D-CE53AA1AA86E}.Coverage|Mixed Platforms.Build.0 = Release|Any CPU
		{5B4BC824-73FC-49D7-BD9D-CE53AA1AA86E}.Coverage|x64.ActiveCfg = Release|Any CPU
		{5B4BC824-73FC-49D7-BD9D-CE53AA1AA86E}.Coverage|x64.Build.0 = Release|Any CPU
		{5B4BC824-73FC-49D7-BD9D-CE53AA1AA86E}.Coverage|x86.ActiveCfg = Release|Any CPU
		{5B4BC824-73FC-49D7-BD9D-CE53AA1AA86E}.Coverage|x86.Build.0 = Release|Any CPU
		{5B4BC824-73FC-49D7-BD9D-CE53AA1AA86E}.Debug|Any CPU.ActiveCfg = Debug|Any CPU
		{5B4BC824-73FC-49D7-BD9D-CE53AA1AA86E}.Debug|Any CPU.Build.0 = Debug|Any CPU
		{5B4BC824-73FC-49D7-BD9D-CE53AA1AA86E}.Debug|Mixed Platforms.ActiveCfg = Debug|Any CPU
		{5B4BC824-73FC-49D7-BD9D-CE53AA1AA86E}.Debug|Mixed Platforms.Build.0 = Debug|Any CPU
		{5B4BC824-73FC-49D7-BD9D-CE53AA1AA86E}.Debug|x64.ActiveCfg = Debug|Any CPU
		{5B4BC824-73FC-49D7-BD9D-CE53AA1AA86E}.Debug|x64.Build.0 = Debug|Any CPU
		{5B4BC824-73FC-49D7-BD9D-CE53AA1AA86E}.Debug|x86.ActiveCfg = Debug|Any CPU
		{5B4BC824-73FC-49D7-BD9D-CE53AA1AA86E}.Debug|x86.Build.0 = Debug|Any CPU
		{5B4BC824-73FC-49D7-BD9D-CE53AA1AA86E}.Mono Debug|Any CPU.ActiveCfg = Debug|Any CPU
		{5B4BC824-73FC-49D7-BD9D-CE53AA1AA86E}.Mono Debug|Any CPU.Build.0 = Debug|Any CPU
		{5B4BC824-73FC-49D7-BD9D-CE53AA1AA86E}.Mono Debug|Mixed Platforms.ActiveCfg = Debug|Any CPU
		{5B4BC824-73FC-49D7-BD9D-CE53AA1AA86E}.Mono Debug|Mixed Platforms.Build.0 = Debug|Any CPU
		{5B4BC824-73FC-49D7-BD9D-CE53AA1AA86E}.Mono Debug|x64.ActiveCfg = Debug|Any CPU
		{5B4BC824-73FC-49D7-BD9D-CE53AA1AA86E}.Mono Debug|x64.Build.0 = Debug|Any CPU
		{5B4BC824-73FC-49D7-BD9D-CE53AA1AA86E}.Mono Debug|x86.ActiveCfg = Debug|Any CPU
		{5B4BC824-73FC-49D7-BD9D-CE53AA1AA86E}.Mono Debug|x86.Build.0 = Debug|Any CPU
		{5B4BC824-73FC-49D7-BD9D-CE53AA1AA86E}.Mono Release|Any CPU.ActiveCfg = Release|Any CPU
		{5B4BC824-73FC-49D7-BD9D-CE53AA1AA86E}.Mono Release|Any CPU.Build.0 = Release|Any CPU
		{5B4BC824-73FC-49D7-BD9D-CE53AA1AA86E}.Mono Release|Mixed Platforms.ActiveCfg = Release|Any CPU
		{5B4BC824-73FC-49D7-BD9D-CE53AA1AA86E}.Mono Release|Mixed Platforms.Build.0 = Release|Any CPU
		{5B4BC824-73FC-49D7-BD9D-CE53AA1AA86E}.Mono Release|x64.ActiveCfg = Release|Any CPU
		{5B4BC824-73FC-49D7-BD9D-CE53AA1AA86E}.Mono Release|x64.Build.0 = Release|Any CPU
		{5B4BC824-73FC-49D7-BD9D-CE53AA1AA86E}.Mono Release|x86.ActiveCfg = Release|Any CPU
		{5B4BC824-73FC-49D7-BD9D-CE53AA1AA86E}.Mono Release|x86.Build.0 = Release|Any CPU
		{5B4BC824-73FC-49D7-BD9D-CE53AA1AA86E}.Release|Any CPU.ActiveCfg = Release|Any CPU
		{5B4BC824-73FC-49D7-BD9D-CE53AA1AA86E}.Release|Any CPU.Build.0 = Release|Any CPU
		{5B4BC824-73FC-49D7-BD9D-CE53AA1AA86E}.Release|Mixed Platforms.ActiveCfg = Release|Any CPU
		{5B4BC824-73FC-49D7-BD9D-CE53AA1AA86E}.Release|Mixed Platforms.Build.0 = Release|Any CPU
		{5B4BC824-73FC-49D7-BD9D-CE53AA1AA86E}.Release|x64.ActiveCfg = Release|Any CPU
		{5B4BC824-73FC-49D7-BD9D-CE53AA1AA86E}.Release|x64.Build.0 = Release|Any CPU
		{5B4BC824-73FC-49D7-BD9D-CE53AA1AA86E}.Release|x86.ActiveCfg = Release|Any CPU
		{5B4BC824-73FC-49D7-BD9D-CE53AA1AA86E}.Release|x86.Build.0 = Release|Any CPU
		{C028DB2A-E7C5-4232-8C22-D5FBA2176136}.CIBuild|Any CPU.ActiveCfg = Release|x64
		{C028DB2A-E7C5-4232-8C22-D5FBA2176136}.CIBuild|Any CPU.Build.0 = Release|x64
		{C028DB2A-E7C5-4232-8C22-D5FBA2176136}.CIBuild|Mixed Platforms.ActiveCfg = Release|Win32
		{C028DB2A-E7C5-4232-8C22-D5FBA2176136}.CIBuild|Mixed Platforms.Build.0 = Release|Win32
		{C028DB2A-E7C5-4232-8C22-D5FBA2176136}.CIBuild|x64.ActiveCfg = Release|x64
		{C028DB2A-E7C5-4232-8C22-D5FBA2176136}.CIBuild|x64.Build.0 = Release|x64
		{C028DB2A-E7C5-4232-8C22-D5FBA2176136}.CIBuild|x86.ActiveCfg = Release|Win32
		{C028DB2A-E7C5-4232-8C22-D5FBA2176136}.CIBuild|x86.Build.0 = Release|Win32
		{C028DB2A-E7C5-4232-8C22-D5FBA2176136}.Coverage|Any CPU.ActiveCfg = Release|x64
		{C028DB2A-E7C5-4232-8C22-D5FBA2176136}.Coverage|Any CPU.Build.0 = Release|x64
		{C028DB2A-E7C5-4232-8C22-D5FBA2176136}.Coverage|Mixed Platforms.ActiveCfg = Release|Win32
		{C028DB2A-E7C5-4232-8C22-D5FBA2176136}.Coverage|Mixed Platforms.Build.0 = Release|Win32
		{C028DB2A-E7C5-4232-8C22-D5FBA2176136}.Coverage|x64.ActiveCfg = Release|x64
		{C028DB2A-E7C5-4232-8C22-D5FBA2176136}.Coverage|x64.Build.0 = Release|x64
		{C028DB2A-E7C5-4232-8C22-D5FBA2176136}.Coverage|x86.ActiveCfg = Release|Win32
		{C028DB2A-E7C5-4232-8C22-D5FBA2176136}.Coverage|x86.Build.0 = Release|Win32
		{C028DB2A-E7C5-4232-8C22-D5FBA2176136}.Debug|Any CPU.ActiveCfg = Debug|Win32
		{C028DB2A-E7C5-4232-8C22-D5FBA2176136}.Debug|Any CPU.Build.0 = Debug|Win32
		{C028DB2A-E7C5-4232-8C22-D5FBA2176136}.Debug|Mixed Platforms.ActiveCfg = Debug|Win32
		{C028DB2A-E7C5-4232-8C22-D5FBA2176136}.Debug|Mixed Platforms.Build.0 = Debug|Win32
		{C028DB2A-E7C5-4232-8C22-D5FBA2176136}.Debug|x64.ActiveCfg = Debug|x64
		{C028DB2A-E7C5-4232-8C22-D5FBA2176136}.Debug|x64.Build.0 = Debug|x64
		{C028DB2A-E7C5-4232-8C22-D5FBA2176136}.Debug|x86.ActiveCfg = Debug|Win32
		{C028DB2A-E7C5-4232-8C22-D5FBA2176136}.Debug|x86.Build.0 = Debug|Win32
		{C028DB2A-E7C5-4232-8C22-D5FBA2176136}.Mono Debug|Any CPU.ActiveCfg = Release|x64
		{C028DB2A-E7C5-4232-8C22-D5FBA2176136}.Mono Debug|Any CPU.Build.0 = Release|x64
		{C028DB2A-E7C5-4232-8C22-D5FBA2176136}.Mono Debug|Mixed Platforms.ActiveCfg = Debug|Win32
		{C028DB2A-E7C5-4232-8C22-D5FBA2176136}.Mono Debug|Mixed Platforms.Build.0 = Debug|Win32
		{C028DB2A-E7C5-4232-8C22-D5FBA2176136}.Mono Debug|x64.ActiveCfg = Debug|x64
		{C028DB2A-E7C5-4232-8C22-D5FBA2176136}.Mono Debug|x64.Build.0 = Debug|x64
		{C028DB2A-E7C5-4232-8C22-D5FBA2176136}.Mono Debug|x86.ActiveCfg = Debug|Win32
		{C028DB2A-E7C5-4232-8C22-D5FBA2176136}.Mono Debug|x86.Build.0 = Debug|Win32
		{C028DB2A-E7C5-4232-8C22-D5FBA2176136}.Mono Release|Any CPU.ActiveCfg = Release|x64
		{C028DB2A-E7C5-4232-8C22-D5FBA2176136}.Mono Release|Any CPU.Build.0 = Release|x64
		{C028DB2A-E7C5-4232-8C22-D5FBA2176136}.Mono Release|Mixed Platforms.ActiveCfg = Release|Win32
		{C028DB2A-E7C5-4232-8C22-D5FBA2176136}.Mono Release|Mixed Platforms.Build.0 = Release|Win32
		{C028DB2A-E7C5-4232-8C22-D5FBA2176136}.Mono Release|x64.ActiveCfg = Release|x64
		{C028DB2A-E7C5-4232-8C22-D5FBA2176136}.Mono Release|x64.Build.0 = Release|x64
		{C028DB2A-E7C5-4232-8C22-D5FBA2176136}.Mono Release|x86.ActiveCfg = Release|Win32
		{C028DB2A-E7C5-4232-8C22-D5FBA2176136}.Mono Release|x86.Build.0 = Release|Win32
		{C028DB2A-E7C5-4232-8C22-D5FBA2176136}.Release|Any CPU.ActiveCfg = Release|Win32
		{C028DB2A-E7C5-4232-8C22-D5FBA2176136}.Release|Any CPU.Build.0 = Release|Win32
		{C028DB2A-E7C5-4232-8C22-D5FBA2176136}.Release|Mixed Platforms.ActiveCfg = Release|Win32
		{C028DB2A-E7C5-4232-8C22-D5FBA2176136}.Release|Mixed Platforms.Build.0 = Release|Win32
		{C028DB2A-E7C5-4232-8C22-D5FBA2176136}.Release|x64.ActiveCfg = Release|x64
		{C028DB2A-E7C5-4232-8C22-D5FBA2176136}.Release|x64.Build.0 = Release|x64
		{C028DB2A-E7C5-4232-8C22-D5FBA2176136}.Release|x86.ActiveCfg = Release|Win32
		{C028DB2A-E7C5-4232-8C22-D5FBA2176136}.Release|x86.Build.0 = Release|Win32
	EndGlobalSection
	GlobalSection(SolutionProperties) = preSolution
		HideSolutionNode = FALSE
	EndGlobalSection
	GlobalSection(MonoDevelopProperties) = preSolution
		Policies = $0
		$0.TextStylePolicy = $1
		$1.inheritsSet = VisualStudio
		$1.inheritsScope = text/plain
		$1.scope = text/plain
		$0.CSharpFormattingPolicy = $2
		$2.IndentSwitchBody = True
		$2.IndentBlocksInsideExpressions = True
		$2.AnonymousMethodBraceStyle = NextLine
		$2.PropertyBraceStyle = NextLine
		$2.PropertyGetBraceStyle = NextLine
		$2.PropertySetBraceStyle = NextLine
		$2.EventBraceStyle = NextLine
		$2.EventAddBraceStyle = NextLine
		$2.EventRemoveBraceStyle = NextLine
		$2.StatementBraceStyle = NextLine
		$2.ElseNewLinePlacement = NewLine
		$2.CatchNewLinePlacement = NewLine
		$2.FinallyNewLinePlacement = NewLine
		$2.WhileNewLinePlacement = DoNotCare
		$2.ArrayInitializerWrapping = DoNotChange
		$2.ArrayInitializerBraceStyle = NextLine
		$2.BeforeMethodDeclarationParentheses = False
		$2.BeforeMethodCallParentheses = False
		$2.BeforeConstructorDeclarationParentheses = False
		$2.NewLineBeforeConstructorInitializerColon = NewLine
		$2.NewLineAfterConstructorInitializerColon = SameLine
		$2.BeforeDelegateDeclarationParentheses = False
		$2.NewParentheses = False
		$2.SpacesBeforeBrackets = False
		$2.inheritsSet = Mono
		$2.inheritsScope = text/x-csharp
		$2.scope = text/x-csharp
	EndGlobalSection
EndGlobal
