
Microsoft Visual Studio Solution File, Format Version 12.00
# Visual Studio Version 17
VisualStudioVersion = 17.0.31815.197
MinimumVisualStudioVersion = 10.0.40219.1
Project("{9A19103F-16F7-4668-BE54-9A1E7A4F7556}") = "Squirrel", "src\Squirrel\Squirrel.csproj", "{1436E22A-FE3C-4D68-9A85-9E74DF2E6A92}"
EndProject
Project("{9A19103F-16F7-4668-BE54-9A1E7A4F7556}") = "Squirrel.Tests", "test\Squirrel.Tests.csproj", "{98AEB048-E27D-42F4-9440-505B7F78BAFD}"
EndProject
Project("{8BC9CEB8-8B4A-11D0-8D11-00A0C91BC942}") = "Setup", "src\Setup\Setup.vcxproj", "{C1D40624-A484-438A-B846-052F321C89D1}"
EndProject
Project("{9A19103F-16F7-4668-BE54-9A1E7A4F7556}") = "Update", "src\Update\Update.csproj", "{1EEBACBC-6982-4696-BD4E-899ED0AC6CD2}"
EndProject
Project("{2150E333-8FDC-42A3-9474-1A3956D46DE8}") = "SolutionLevel", "SolutionLevel", "{ED657D2C-F8A0-4012-A64F-7367D41BE4D2}"
	ProjectSection(SolutionItems) = preProject
		.editorconfig = .editorconfig
		src\Clowd.Squirrel.nuspec = src\Clowd.Squirrel.nuspec
		src\Directory.Build.props = src\Directory.Build.props
		vendor\wix\template.wxs = vendor\wix\template.wxs
		version.json = version.json
	EndProjectSection
EndProject
Project("{8BC9CEB8-8B4A-11D0-8D11-00A0C91BC942}") = "WriteZipToSetup", "src\WriteZipToSetup\WriteZipToSetup.vcxproj", "{4D3C8B70-075D-48A5-9FF3-EDB87347B136}"
EndProject
Project("{8BC9CEB8-8B4A-11D0-8D11-00A0C91BC942}") = "StubExecutable", "src\StubExecutable\StubExecutable.vcxproj", "{C028DB2A-E7C5-4232-8C22-D5FBA2176136}"
EndProject
Project("{FAE04EC0-301F-11D3-BF4B-00C04F79EFBC}") = "SquirrelCli", "src\SquirrelCli\SquirrelCli.csproj", "{19E8EBF5-0277-422F-BF49-C66D9DBA5AA4}"
EndProject
Global
	GlobalSection(SolutionConfigurationPlatforms) = preSolution
		CIBuild|Any CPU = CIBuild|Any CPU
		CIBuild|Mixed Platforms = CIBuild|Mixed Platforms
		CIBuild|x64 = CIBuild|x64
		CIBuild|x86 = CIBuild|x86
		Coverage|Any CPU = Coverage|Any CPU
		Coverage|Mixed Platforms = Coverage|Mixed Platforms
		Coverage|x64 = Coverage|x64
		Coverage|x86 = Coverage|x86
		Debug|Any CPU = Debug|Any CPU
		Debug|Mixed Platforms = Debug|Mixed Platforms
		Debug|x64 = Debug|x64
		Debug|x86 = Debug|x86
		Mono Debug|Any CPU = Mono Debug|Any CPU
		Mono Debug|Mixed Platforms = Mono Debug|Mixed Platforms
		Mono Debug|x64 = Mono Debug|x64
		Mono Debug|x86 = Mono Debug|x86
		Mono Release|Any CPU = Mono Release|Any CPU
		Mono Release|Mixed Platforms = Mono Release|Mixed Platforms
		Mono Release|x64 = Mono Release|x64
		Mono Release|x86 = Mono Release|x86
		Release|Any CPU = Release|Any CPU
		Release|Mixed Platforms = Release|Mixed Platforms
		Release|x64 = Release|x64
		Release|x86 = Release|x86
	EndGlobalSection
	GlobalSection(ProjectConfigurationPlatforms) = postSolution
		{1436E22A-FE3C-4D68-9A85-9E74DF2E6A92}.CIBuild|Any CPU.ActiveCfg = Release|Any CPU
		{1436E22A-FE3C-4D68-9A85-9E74DF2E6A92}.CIBuild|Any CPU.Build.0 = Release|Any CPU
		{1436E22A-FE3C-4D68-9A85-9E74DF2E6A92}.CIBuild|Mixed Platforms.ActiveCfg = Release|Any CPU
		{1436E22A-FE3C-4D68-9A85-9E74DF2E6A92}.CIBuild|Mixed Platforms.Build.0 = Release|Any CPU
		{1436E22A-FE3C-4D68-9A85-9E74DF2E6A92}.CIBuild|x64.ActiveCfg = Release|Any CPU
		{1436E22A-FE3C-4D68-9A85-9E74DF2E6A92}.CIBuild|x64.Build.0 = Release|Any CPU
		{1436E22A-FE3C-4D68-9A85-9E74DF2E6A92}.CIBuild|x86.ActiveCfg = Release|Any CPU
		{1436E22A-FE3C-4D68-9A85-9E74DF2E6A92}.CIBuild|x86.Build.0 = Release|Any CPU
		{1436E22A-FE3C-4D68-9A85-9E74DF2E6A92}.Coverage|Any CPU.ActiveCfg = Release|Any CPU
		{1436E22A-FE3C-4D68-9A85-9E74DF2E6A92}.Coverage|Any CPU.Build.0 = Release|Any CPU
		{1436E22A-FE3C-4D68-9A85-9E74DF2E6A92}.Coverage|Mixed Platforms.ActiveCfg = Release|Any CPU
		{1436E22A-FE3C-4D68-9A85-9E74DF2E6A92}.Coverage|Mixed Platforms.Build.0 = Release|Any CPU
		{1436E22A-FE3C-4D68-9A85-9E74DF2E6A92}.Coverage|x64.ActiveCfg = Release|Any CPU
		{1436E22A-FE3C-4D68-9A85-9E74DF2E6A92}.Coverage|x64.Build.0 = Release|Any CPU
		{1436E22A-FE3C-4D68-9A85-9E74DF2E6A92}.Coverage|x86.ActiveCfg = Release|Any CPU
		{1436E22A-FE3C-4D68-9A85-9E74DF2E6A92}.Coverage|x86.Build.0 = Release|Any CPU
		{1436E22A-FE3C-4D68-9A85-9E74DF2E6A92}.Debug|Any CPU.ActiveCfg = Debug|Any CPU
		{1436E22A-FE3C-4D68-9A85-9E74DF2E6A92}.Debug|Any CPU.Build.0 = Debug|Any CPU
		{1436E22A-FE3C-4D68-9A85-9E74DF2E6A92}.Debug|Mixed Platforms.ActiveCfg = Debug|Any CPU
		{1436E22A-FE3C-4D68-9A85-9E74DF2E6A92}.Debug|Mixed Platforms.Build.0 = Debug|Any CPU
		{1436E22A-FE3C-4D68-9A85-9E74DF2E6A92}.Debug|x64.ActiveCfg = Debug|Any CPU
		{1436E22A-FE3C-4D68-9A85-9E74DF2E6A92}.Debug|x64.Build.0 = Debug|Any CPU
		{1436E22A-FE3C-4D68-9A85-9E74DF2E6A92}.Debug|x86.ActiveCfg = Debug|Any CPU
		{1436E22A-FE3C-4D68-9A85-9E74DF2E6A92}.Debug|x86.Build.0 = Debug|Any CPU
		{1436E22A-FE3C-4D68-9A85-9E74DF2E6A92}.Mono Debug|Any CPU.ActiveCfg = Debug|Any CPU
		{1436E22A-FE3C-4D68-9A85-9E74DF2E6A92}.Mono Debug|Any CPU.Build.0 = Debug|Any CPU
		{1436E22A-FE3C-4D68-9A85-9E74DF2E6A92}.Mono Debug|Mixed Platforms.ActiveCfg = Debug|Any CPU
		{1436E22A-FE3C-4D68-9A85-9E74DF2E6A92}.Mono Debug|Mixed Platforms.Build.0 = Debug|Any CPU
		{1436E22A-FE3C-4D68-9A85-9E74DF2E6A92}.Mono Debug|x64.ActiveCfg = Debug|Any CPU
		{1436E22A-FE3C-4D68-9A85-9E74DF2E6A92}.Mono Debug|x64.Build.0 = Debug|Any CPU
		{1436E22A-FE3C-4D68-9A85-9E74DF2E6A92}.Mono Debug|x86.ActiveCfg = Debug|Any CPU
		{1436E22A-FE3C-4D68-9A85-9E74DF2E6A92}.Mono Debug|x86.Build.0 = Debug|Any CPU
		{1436E22A-FE3C-4D68-9A85-9E74DF2E6A92}.Mono Release|Any CPU.ActiveCfg = Release|Any CPU
		{1436E22A-FE3C-4D68-9A85-9E74DF2E6A92}.Mono Release|Any CPU.Build.0 = Release|Any CPU
		{1436E22A-FE3C-4D68-9A85-9E74DF2E6A92}.Mono Release|Mixed Platforms.ActiveCfg = Release|Any CPU
		{1436E22A-FE3C-4D68-9A85-9E74DF2E6A92}.Mono Release|Mixed Platforms.Build.0 = Release|Any CPU
		{1436E22A-FE3C-4D68-9A85-9E74DF2E6A92}.Mono Release|x64.ActiveCfg = Release|Any CPU
		{1436E22A-FE3C-4D68-9A85-9E74DF2E6A92}.Mono Release|x64.Build.0 = Release|Any CPU
		{1436E22A-FE3C-4D68-9A85-9E74DF2E6A92}.Mono Release|x86.ActiveCfg = Release|Any CPU
		{1436E22A-FE3C-4D68-9A85-9E74DF2E6A92}.Mono Release|x86.Build.0 = Release|Any CPU
		{1436E22A-FE3C-4D68-9A85-9E74DF2E6A92}.Release|Any CPU.ActiveCfg = Release|Any CPU
		{1436E22A-FE3C-4D68-9A85-9E74DF2E6A92}.Release|Any CPU.Build.0 = Release|Any CPU
		{1436E22A-FE3C-4D68-9A85-9E74DF2E6A92}.Release|Mixed Platforms.ActiveCfg = Release|Any CPU
		{1436E22A-FE3C-4D68-9A85-9E74DF2E6A92}.Release|Mixed Platforms.Build.0 = Release|Any CPU
		{1436E22A-FE3C-4D68-9A85-9E74DF2E6A92}.Release|x64.ActiveCfg = Release|Any CPU
		{1436E22A-FE3C-4D68-9A85-9E74DF2E6A92}.Release|x64.Build.0 = Release|Any CPU
		{1436E22A-FE3C-4D68-9A85-9E74DF2E6A92}.Release|x86.ActiveCfg = Release|Any CPU
		{1436E22A-FE3C-4D68-9A85-9E74DF2E6A92}.Release|x86.Build.0 = Release|Any CPU
		{98AEB048-E27D-42F4-9440-505B7F78BAFD}.CIBuild|Any CPU.ActiveCfg = Release|Any CPU
		{98AEB048-E27D-42F4-9440-505B7F78BAFD}.CIBuild|Any CPU.Build.0 = Release|Any CPU
		{98AEB048-E27D-42F4-9440-505B7F78BAFD}.CIBuild|Mixed Platforms.ActiveCfg = Release|Any CPU
		{98AEB048-E27D-42F4-9440-505B7F78BAFD}.CIBuild|Mixed Platforms.Build.0 = Release|Any CPU
		{98AEB048-E27D-42F4-9440-505B7F78BAFD}.CIBuild|x64.ActiveCfg = Release|Any CPU
		{98AEB048-E27D-42F4-9440-505B7F78BAFD}.CIBuild|x64.Build.0 = Release|Any CPU
		{98AEB048-E27D-42F4-9440-505B7F78BAFD}.CIBuild|x86.ActiveCfg = Release|Any CPU
		{98AEB048-E27D-42F4-9440-505B7F78BAFD}.CIBuild|x86.Build.0 = Release|Any CPU
		{98AEB048-E27D-42F4-9440-505B7F78BAFD}.Coverage|Any CPU.ActiveCfg = Release|Any CPU
		{98AEB048-E27D-42F4-9440-505B7F78BAFD}.Coverage|Any CPU.Build.0 = Release|Any CPU
		{98AEB048-E27D-42F4-9440-505B7F78BAFD}.Coverage|Mixed Platforms.ActiveCfg = Release|Any CPU
		{98AEB048-E27D-42F4-9440-505B7F78BAFD}.Coverage|Mixed Platforms.Build.0 = Release|Any CPU
		{98AEB048-E27D-42F4-9440-505B7F78BAFD}.Coverage|x64.ActiveCfg = Release|Any CPU
		{98AEB048-E27D-42F4-9440-505B7F78BAFD}.Coverage|x64.Build.0 = Release|Any CPU
		{98AEB048-E27D-42F4-9440-505B7F78BAFD}.Coverage|x86.ActiveCfg = Release|Any CPU
		{98AEB048-E27D-42F4-9440-505B7F78BAFD}.Coverage|x86.Build.0 = Release|Any CPU
		{98AEB048-E27D-42F4-9440-505B7F78BAFD}.Debug|Any CPU.ActiveCfg = Debug|Any CPU
		{98AEB048-E27D-42F4-9440-505B7F78BAFD}.Debug|Any CPU.Build.0 = Debug|Any CPU
		{98AEB048-E27D-42F4-9440-505B7F78BAFD}.Debug|Mixed Platforms.ActiveCfg = Debug|Any CPU
		{98AEB048-E27D-42F4-9440-505B7F78BAFD}.Debug|Mixed Platforms.Build.0 = Debug|Any CPU
		{98AEB048-E27D-42F4-9440-505B7F78BAFD}.Debug|x64.ActiveCfg = Debug|Any CPU
		{98AEB048-E27D-42F4-9440-505B7F78BAFD}.Debug|x64.Build.0 = Debug|Any CPU
		{98AEB048-E27D-42F4-9440-505B7F78BAFD}.Debug|x86.ActiveCfg = Debug|Any CPU
		{98AEB048-E27D-42F4-9440-505B7F78BAFD}.Debug|x86.Build.0 = Debug|Any CPU
		{98AEB048-E27D-42F4-9440-505B7F78BAFD}.Mono Debug|Any CPU.ActiveCfg = Debug|Any CPU
		{98AEB048-E27D-42F4-9440-505B7F78BAFD}.Mono Debug|Any CPU.Build.0 = Debug|Any CPU
		{98AEB048-E27D-42F4-9440-505B7F78BAFD}.Mono Debug|Mixed Platforms.ActiveCfg = Debug|Any CPU
		{98AEB048-E27D-42F4-9440-505B7F78BAFD}.Mono Debug|Mixed Platforms.Build.0 = Debug|Any CPU
		{98AEB048-E27D-42F4-9440-505B7F78BAFD}.Mono Debug|x64.ActiveCfg = Debug|Any CPU
		{98AEB048-E27D-42F4-9440-505B7F78BAFD}.Mono Debug|x64.Build.0 = Debug|Any CPU
		{98AEB048-E27D-42F4-9440-505B7F78BAFD}.Mono Debug|x86.ActiveCfg = Debug|Any CPU
		{98AEB048-E27D-42F4-9440-505B7F78BAFD}.Mono Debug|x86.Build.0 = Debug|Any CPU
		{98AEB048-E27D-42F4-9440-505B7F78BAFD}.Mono Release|Any CPU.ActiveCfg = Release|Any CPU
		{98AEB048-E27D-42F4-9440-505B7F78BAFD}.Mono Release|Any CPU.Build.0 = Release|Any CPU
		{98AEB048-E27D-42F4-9440-505B7F78BAFD}.Mono Release|Mixed Platforms.ActiveCfg = Release|Any CPU
		{98AEB048-E27D-42F4-9440-505B7F78BAFD}.Mono Release|Mixed Platforms.Build.0 = Release|Any CPU
		{98AEB048-E27D-42F4-9440-505B7F78BAFD}.Mono Release|x64.ActiveCfg = Release|Any CPU
		{98AEB048-E27D-42F4-9440-505B7F78BAFD}.Mono Release|x64.Build.0 = Release|Any CPU
		{98AEB048-E27D-42F4-9440-505B7F78BAFD}.Mono Release|x86.ActiveCfg = Release|Any CPU
		{98AEB048-E27D-42F4-9440-505B7F78BAFD}.Mono Release|x86.Build.0 = Release|Any CPU
		{98AEB048-E27D-42F4-9440-505B7F78BAFD}.Release|Any CPU.ActiveCfg = Release|Any CPU
		{98AEB048-E27D-42F4-9440-505B7F78BAFD}.Release|Any CPU.Build.0 = Release|Any CPU
		{98AEB048-E27D-42F4-9440-505B7F78BAFD}.Release|Mixed Platforms.ActiveCfg = Release|Any CPU
		{98AEB048-E27D-42F4-9440-505B7F78BAFD}.Release|Mixed Platforms.Build.0 = Release|Any CPU
		{98AEB048-E27D-42F4-9440-505B7F78BAFD}.Release|x64.ActiveCfg = Release|Any CPU
		{98AEB048-E27D-42F4-9440-505B7F78BAFD}.Release|x64.Build.0 = Release|Any CPU
		{98AEB048-E27D-42F4-9440-505B7F78BAFD}.Release|x86.ActiveCfg = Release|Any CPU
		{98AEB048-E27D-42F4-9440-505B7F78BAFD}.Release|x86.Build.0 = Release|Any CPU
		{C1D40624-A484-438A-B846-052F321C89D1}.CIBuild|Any CPU.ActiveCfg = Debug|Win32
		{C1D40624-A484-438A-B846-052F321C89D1}.CIBuild|Any CPU.Build.0 = Debug|Win32
		{C1D40624-A484-438A-B846-052F321C89D1}.CIBuild|Mixed Platforms.ActiveCfg = Debug|Win32
		{C1D40624-A484-438A-B846-052F321C89D1}.CIBuild|Mixed Platforms.Build.0 = Debug|Win32
		{C1D40624-A484-438A-B846-052F321C89D1}.CIBuild|x64.ActiveCfg = Debug|Win32
		{C1D40624-A484-438A-B846-052F321C89D1}.CIBuild|x64.Build.0 = Debug|Win32
		{C1D40624-A484-438A-B846-052F321C89D1}.CIBuild|x86.ActiveCfg = Debug|Win32
		{C1D40624-A484-438A-B846-052F321C89D1}.CIBuild|x86.Build.0 = Debug|Win32
		{C1D40624-A484-438A-B846-052F321C89D1}.Coverage|Any CPU.ActiveCfg = Release|Win32
		{C1D40624-A484-438A-B846-052F321C89D1}.Coverage|Any CPU.Build.0 = Release|Win32
		{C1D40624-A484-438A-B846-052F321C89D1}.Coverage|Mixed Platforms.ActiveCfg = Debug|Win32
		{C1D40624-A484-438A-B846-052F321C89D1}.Coverage|Mixed Platforms.Build.0 = Debug|Win32
		{C1D40624-A484-438A-B846-052F321C89D1}.Coverage|x64.ActiveCfg = Debug|Win32
		{C1D40624-A484-438A-B846-052F321C89D1}.Coverage|x64.Build.0 = Debug|Win32
		{C1D40624-A484-438A-B846-052F321C89D1}.Coverage|x86.ActiveCfg = Debug|Win32
		{C1D40624-A484-438A-B846-052F321C89D1}.Coverage|x86.Build.0 = Debug|Win32
		{C1D40624-A484-438A-B846-052F321C89D1}.Debug|Any CPU.ActiveCfg = Debug|Win32
		{C1D40624-A484-438A-B846-052F321C89D1}.Debug|Any CPU.Build.0 = Debug|Win32
		{C1D40624-A484-438A-B846-052F321C89D1}.Debug|Mixed Platforms.ActiveCfg = Debug|Win32
		{C1D40624-A484-438A-B846-052F321C89D1}.Debug|Mixed Platforms.Build.0 = Debug|Win32
		{C1D40624-A484-438A-B846-052F321C89D1}.Debug|x64.ActiveCfg = Debug|Win32
		{C1D40624-A484-438A-B846-052F321C89D1}.Debug|x86.ActiveCfg = Debug|Win32
		{C1D40624-A484-438A-B846-052F321C89D1}.Debug|x86.Build.0 = Debug|Win32
		{C1D40624-A484-438A-B846-052F321C89D1}.Mono Debug|Any CPU.ActiveCfg = Release|Win32
		{C1D40624-A484-438A-B846-052F321C89D1}.Mono Debug|Any CPU.Build.0 = Release|Win32
		{C1D40624-A484-438A-B846-052F321C89D1}.Mono Debug|Mixed Platforms.ActiveCfg = Debug|Win32
		{C1D40624-A484-438A-B846-052F321C89D1}.Mono Debug|Mixed Platforms.Build.0 = Debug|Win32
		{C1D40624-A484-438A-B846-052F321C89D1}.Mono Debug|x64.ActiveCfg = Debug|Win32
		{C1D40624-A484-438A-B846-052F321C89D1}.Mono Debug|x64.Build.0 = Debug|Win32
		{C1D40624-A484-438A-B846-052F321C89D1}.Mono Debug|x86.ActiveCfg = Debug|Win32
		{C1D40624-A484-438A-B846-052F321C89D1}.Mono Debug|x86.Build.0 = Debug|Win32
		{C1D40624-A484-438A-B846-052F321C89D1}.Mono Release|Any CPU.ActiveCfg = Release|Win32
		{C1D40624-A484-438A-B846-052F321C89D1}.Mono Release|Any CPU.Build.0 = Release|Win32
		{C1D40624-A484-438A-B846-052F321C89D1}.Mono Release|Mixed Platforms.ActiveCfg = Release|Win32
		{C1D40624-A484-438A-B846-052F321C89D1}.Mono Release|Mixed Platforms.Build.0 = Release|Win32
		{C1D40624-A484-438A-B846-052F321C89D1}.Mono Release|x64.ActiveCfg = Debug|Win32
		{C1D40624-A484-438A-B846-052F321C89D1}.Mono Release|x64.Build.0 = Debug|Win32
		{C1D40624-A484-438A-B846-052F321C89D1}.Mono Release|x86.ActiveCfg = Release|Win32
		{C1D40624-A484-438A-B846-052F321C89D1}.Mono Release|x86.Build.0 = Release|Win32
		{C1D40624-A484-438A-B846-052F321C89D1}.Release|Any CPU.ActiveCfg = Release|Win32
		{C1D40624-A484-438A-B846-052F321C89D1}.Release|Any CPU.Build.0 = Release|Win32
		{C1D40624-A484-438A-B846-052F321C89D1}.Release|Mixed Platforms.ActiveCfg = Release|Win32
		{C1D40624-A484-438A-B846-052F321C89D1}.Release|Mixed Platforms.Build.0 = Release|Win32
		{C1D40624-A484-438A-B846-052F321C89D1}.Release|x64.ActiveCfg = Release|Win32
		{C1D40624-A484-438A-B846-052F321C89D1}.Release|x86.ActiveCfg = Release|Win32
		{C1D40624-A484-438A-B846-052F321C89D1}.Release|x86.Build.0 = Release|Win32
		{1EEBACBC-6982-4696-BD4E-899ED0AC6CD2}.CIBuild|Any CPU.ActiveCfg = Release|Any CPU
		{1EEBACBC-6982-4696-BD4E-899ED0AC6CD2}.CIBuild|Any CPU.Build.0 = Release|Any CPU
		{1EEBACBC-6982-4696-BD4E-899ED0AC6CD2}.CIBuild|Mixed Platforms.ActiveCfg = Release|Any CPU
		{1EEBACBC-6982-4696-BD4E-899ED0AC6CD2}.CIBuild|Mixed Platforms.Build.0 = Release|Any CPU
		{1EEBACBC-6982-4696-BD4E-899ED0AC6CD2}.CIBuild|x64.ActiveCfg = Debug|Any CPU
		{1EEBACBC-6982-4696-BD4E-899ED0AC6CD2}.CIBuild|x64.Build.0 = Debug|Any CPU
		{1EEBACBC-6982-4696-BD4E-899ED0AC6CD2}.CIBuild|x86.ActiveCfg = Debug|Any CPU
		{1EEBACBC-6982-4696-BD4E-899ED0AC6CD2}.CIBuild|x86.Build.0 = Debug|Any CPU
		{1EEBACBC-6982-4696-BD4E-899ED0AC6CD2}.Coverage|Any CPU.ActiveCfg = Debug|Any CPU
		{1EEBACBC-6982-4696-BD4E-899ED0AC6CD2}.Coverage|Any CPU.Build.0 = Debug|Any CPU
		{1EEBACBC-6982-4696-BD4E-899ED0AC6CD2}.Coverage|Mixed Platforms.ActiveCfg = Debug|Any CPU
		{1EEBACBC-6982-4696-BD4E-899ED0AC6CD2}.Coverage|Mixed Platforms.Build.0 = Debug|Any CPU
		{1EEBACBC-6982-4696-BD4E-899ED0AC6CD2}.Coverage|x64.ActiveCfg = Debug|Any CPU
		{1EEBACBC-6982-4696-BD4E-899ED0AC6CD2}.Coverage|x64.Build.0 = Debug|Any CPU
		{1EEBACBC-6982-4696-BD4E-899ED0AC6CD2}.Coverage|x86.ActiveCfg = Debug|Any CPU
		{1EEBACBC-6982-4696-BD4E-899ED0AC6CD2}.Coverage|x86.Build.0 = Debug|Any CPU
		{1EEBACBC-6982-4696-BD4E-899ED0AC6CD2}.Debug|Any CPU.ActiveCfg = Debug|Any CPU
		{1EEBACBC-6982-4696-BD4E-899ED0AC6CD2}.Debug|Any CPU.Build.0 = Debug|Any CPU
		{1EEBACBC-6982-4696-BD4E-899ED0AC6CD2}.Debug|Mixed Platforms.ActiveCfg = Debug|Any CPU
		{1EEBACBC-6982-4696-BD4E-899ED0AC6CD2}.Debug|Mixed Platforms.Build.0 = Debug|Any CPU
		{1EEBACBC-6982-4696-BD4E-899ED0AC6CD2}.Debug|x64.ActiveCfg = Debug|Any CPU
		{1EEBACBC-6982-4696-BD4E-899ED0AC6CD2}.Debug|x64.Build.0 = Debug|Any CPU
		{1EEBACBC-6982-4696-BD4E-899ED0AC6CD2}.Debug|x86.ActiveCfg = Debug|Any CPU
		{1EEBACBC-6982-4696-BD4E-899ED0AC6CD2}.Debug|x86.Build.0 = Debug|Any CPU
		{1EEBACBC-6982-4696-BD4E-899ED0AC6CD2}.Mono Debug|Any CPU.ActiveCfg = Debug|Any CPU
		{1EEBACBC-6982-4696-BD4E-899ED0AC6CD2}.Mono Debug|Any CPU.Build.0 = Debug|Any CPU
		{1EEBACBC-6982-4696-BD4E-899ED0AC6CD2}.Mono Debug|Mixed Platforms.ActiveCfg = Debug|Any CPU
		{1EEBACBC-6982-4696-BD4E-899ED0AC6CD2}.Mono Debug|Mixed Platforms.Build.0 = Debug|Any CPU
		{1EEBACBC-6982-4696-BD4E-899ED0AC6CD2}.Mono Debug|x64.ActiveCfg = Debug|Any CPU
		{1EEBACBC-6982-4696-BD4E-899ED0AC6CD2}.Mono Debug|x64.Build.0 = Debug|Any CPU
		{1EEBACBC-6982-4696-BD4E-899ED0AC6CD2}.Mono Debug|x86.ActiveCfg = Debug|Any CPU
		{1EEBACBC-6982-4696-BD4E-899ED0AC6CD2}.Mono Debug|x86.Build.0 = Debug|Any CPU
		{1EEBACBC-6982-4696-BD4E-899ED0AC6CD2}.Mono Release|Any CPU.ActiveCfg = Release|Any CPU
		{1EEBACBC-6982-4696-BD4E-899ED0AC6CD2}.Mono Release|Any CPU.Build.0 = Release|Any CPU
		{1EEBACBC-6982-4696-BD4E-899ED0AC6CD2}.Mono Release|Mixed Platforms.ActiveCfg = Release|Any CPU
		{1EEBACBC-6982-4696-BD4E-899ED0AC6CD2}.Mono Release|Mixed Platforms.Build.0 = Release|Any CPU
		{1EEBACBC-6982-4696-BD4E-899ED0AC6CD2}.Mono Release|x64.ActiveCfg = Release|Any CPU
		{1EEBACBC-6982-4696-BD4E-899ED0AC6CD2}.Mono Release|x64.Build.0 = Release|Any CPU
		{1EEBACBC-6982-4696-BD4E-899ED0AC6CD2}.Mono Release|x86.ActiveCfg = Release|Any CPU
		{1EEBACBC-6982-4696-BD4E-899ED0AC6CD2}.Mono Release|x86.Build.0 = Release|Any CPU
		{1EEBACBC-6982-4696-BD4E-899ED0AC6CD2}.Release|Any CPU.ActiveCfg = Release|Any CPU
		{1EEBACBC-6982-4696-BD4E-899ED0AC6CD2}.Release|Any CPU.Build.0 = Release|Any CPU
		{1EEBACBC-6982-4696-BD4E-899ED0AC6CD2}.Release|Mixed Platforms.ActiveCfg = Release|Any CPU
		{1EEBACBC-6982-4696-BD4E-899ED0AC6CD2}.Release|Mixed Platforms.Build.0 = Release|Any CPU
		{1EEBACBC-6982-4696-BD4E-899ED0AC6CD2}.Release|x64.ActiveCfg = Release|Any CPU
		{1EEBACBC-6982-4696-BD4E-899ED0AC6CD2}.Release|x64.Build.0 = Release|Any CPU
		{1EEBACBC-6982-4696-BD4E-899ED0AC6CD2}.Release|x86.ActiveCfg = Release|Any CPU
		{1EEBACBC-6982-4696-BD4E-899ED0AC6CD2}.Release|x86.Build.0 = Release|Any CPU
		{4D3C8B70-075D-48A5-9FF3-EDB87347B136}.CIBuild|Any CPU.ActiveCfg = Debug|Win32
		{4D3C8B70-075D-48A5-9FF3-EDB87347B136}.CIBuild|Any CPU.Build.0 = Debug|Win32
		{4D3C8B70-075D-48A5-9FF3-EDB87347B136}.CIBuild|Mixed Platforms.ActiveCfg = Release|Win32
		{4D3C8B70-075D-48A5-9FF3-EDB87347B136}.CIBuild|Mixed Platforms.Build.0 = Release|Win32
		{4D3C8B70-075D-48A5-9FF3-EDB87347B136}.CIBuild|x64.ActiveCfg = Debug|Win32
		{4D3C8B70-075D-48A5-9FF3-EDB87347B136}.CIBuild|x64.Build.0 = Debug|Win32
		{4D3C8B70-075D-48A5-9FF3-EDB87347B136}.CIBuild|x86.ActiveCfg = Release|Win32
		{4D3C8B70-075D-48A5-9FF3-EDB87347B136}.CIBuild|x86.Build.0 = Release|Win32
		{4D3C8B70-075D-48A5-9FF3-EDB87347B136}.Coverage|Any CPU.ActiveCfg = Debug|Win32
		{4D3C8B70-075D-48A5-9FF3-EDB87347B136}.Coverage|Any CPU.Build.0 = Debug|Win32
		{4D3C8B70-075D-48A5-9FF3-EDB87347B136}.Coverage|Mixed Platforms.ActiveCfg = Release|Win32
		{4D3C8B70-075D-48A5-9FF3-EDB87347B136}.Coverage|Mixed Platforms.Build.0 = Release|Win32
		{4D3C8B70-075D-48A5-9FF3-EDB87347B136}.Coverage|x64.ActiveCfg = Debug|Win32
		{4D3C8B70-075D-48A5-9FF3-EDB87347B136}.Coverage|x64.Build.0 = Debug|Win32
		{4D3C8B70-075D-48A5-9FF3-EDB87347B136}.Coverage|x86.ActiveCfg = Release|Win32
		{4D3C8B70-075D-48A5-9FF3-EDB87347B136}.Coverage|x86.Build.0 = Release|Win32
		{4D3C8B70-075D-48A5-9FF3-EDB87347B136}.Debug|Any CPU.ActiveCfg = Debug|Win32
		{4D3C8B70-075D-48A5-9FF3-EDB87347B136}.Debug|Any CPU.Build.0 = Debug|Win32
		{4D3C8B70-075D-48A5-9FF3-EDB87347B136}.Debug|Mixed Platforms.ActiveCfg = Debug|Win32
		{4D3C8B70-075D-48A5-9FF3-EDB87347B136}.Debug|Mixed Platforms.Build.0 = Debug|Win32
		{4D3C8B70-075D-48A5-9FF3-EDB87347B136}.Debug|x64.ActiveCfg = Debug|Win32
		{4D3C8B70-075D-48A5-9FF3-EDB87347B136}.Debug|x86.ActiveCfg = Debug|Win32
		{4D3C8B70-075D-48A5-9FF3-EDB87347B136}.Debug|x86.Build.0 = Debug|Win32
		{4D3C8B70-075D-48A5-9FF3-EDB87347B136}.Mono Debug|Any CPU.ActiveCfg = Debug|Win32
		{4D3C8B70-075D-48A5-9FF3-EDB87347B136}.Mono Debug|Any CPU.Build.0 = Debug|Win32
		{4D3C8B70-075D-48A5-9FF3-EDB87347B136}.Mono Debug|Mixed Platforms.ActiveCfg = Debug|Win32
		{4D3C8B70-075D-48A5-9FF3-EDB87347B136}.Mono Debug|Mixed Platforms.Build.0 = Debug|Win32
		{4D3C8B70-075D-48A5-9FF3-EDB87347B136}.Mono Debug|x64.ActiveCfg = Debug|Win32
		{4D3C8B70-075D-48A5-9FF3-EDB87347B136}.Mono Debug|x64.Build.0 = Debug|Win32
		{4D3C8B70-075D-48A5-9FF3-EDB87347B136}.Mono Debug|x86.ActiveCfg = Debug|Win32
		{4D3C8B70-075D-48A5-9FF3-EDB87347B136}.Mono Debug|x86.Build.0 = Debug|Win32
		{4D3C8B70-075D-48A5-9FF3-EDB87347B136}.Mono Release|Any CPU.ActiveCfg = Debug|Win32
		{4D3C8B70-075D-48A5-9FF3-EDB87347B136}.Mono Release|Any CPU.Build.0 = Debug|Win32
		{4D3C8B70-075D-48A5-9FF3-EDB87347B136}.Mono Release|Mixed Platforms.ActiveCfg = Release|Win32
		{4D3C8B70-075D-48A5-9FF3-EDB87347B136}.Mono Release|Mixed Platforms.Build.0 = Release|Win32
		{4D3C8B70-075D-48A5-9FF3-EDB87347B136}.Mono Release|x64.ActiveCfg = Debug|Win32
		{4D3C8B70-075D-48A5-9FF3-EDB87347B136}.Mono Release|x64.Build.0 = Debug|Win32
		{4D3C8B70-075D-48A5-9FF3-EDB87347B136}.Mono Release|x86.ActiveCfg = Release|Win32
		{4D3C8B70-075D-48A5-9FF3-EDB87347B136}.Mono Release|x86.Build.0 = Release|Win32
		{4D3C8B70-075D-48A5-9FF3-EDB87347B136}.Release|Any CPU.ActiveCfg = Release|Win32
		{4D3C8B70-075D-48A5-9FF3-EDB87347B136}.Release|Any CPU.Build.0 = Release|Win32
		{4D3C8B70-075D-48A5-9FF3-EDB87347B136}.Release|Mixed Platforms.ActiveCfg = Release|Win32
		{4D3C8B70-075D-48A5-9FF3-EDB87347B136}.Release|Mixed Platforms.Build.0 = Release|Win32
		{4D3C8B70-075D-48A5-9FF3-EDB87347B136}.Release|x64.ActiveCfg = Release|Win32
		{4D3C8B70-075D-48A5-9FF3-EDB87347B136}.Release|x86.ActiveCfg = Release|Win32
		{4D3C8B70-075D-48A5-9FF3-EDB87347B136}.Release|x86.Build.0 = Release|Win32
		{C028DB2A-E7C5-4232-8C22-D5FBA2176136}.CIBuild|Any CPU.ActiveCfg = Release|x64
		{C028DB2A-E7C5-4232-8C22-D5FBA2176136}.CIBuild|Any CPU.Build.0 = Release|x64
		{C028DB2A-E7C5-4232-8C22-D5FBA2176136}.CIBuild|Mixed Platforms.ActiveCfg = Release|Win32
		{C028DB2A-E7C5-4232-8C22-D5FBA2176136}.CIBuild|Mixed Platforms.Build.0 = Release|Win32
		{C028DB2A-E7C5-4232-8C22-D5FBA2176136}.CIBuild|x64.ActiveCfg = Release|x64
		{C028DB2A-E7C5-4232-8C22-D5FBA2176136}.CIBuild|x64.Build.0 = Release|x64
		{C028DB2A-E7C5-4232-8C22-D5FBA2176136}.CIBuild|x86.ActiveCfg = Release|Win32
		{C028DB2A-E7C5-4232-8C22-D5FBA2176136}.CIBuild|x86.Build.0 = Release|Win32
		{C028DB2A-E7C5-4232-8C22-D5FBA2176136}.Coverage|Any CPU.ActiveCfg = Release|x64
		{C028DB2A-E7C5-4232-8C22-D5FBA2176136}.Coverage|Any CPU.Build.0 = Release|x64
		{C028DB2A-E7C5-4232-8C22-D5FBA2176136}.Coverage|Mixed Platforms.ActiveCfg = Release|Win32
		{C028DB2A-E7C5-4232-8C22-D5FBA2176136}.Coverage|Mixed Platforms.Build.0 = Release|Win32
		{C028DB2A-E7C5-4232-8C22-D5FBA2176136}.Coverage|x64.ActiveCfg = Release|x64
		{C028DB2A-E7C5-4232-8C22-D5FBA2176136}.Coverage|x64.Build.0 = Release|x64
		{C028DB2A-E7C5-4232-8C22-D5FBA2176136}.Coverage|x86.ActiveCfg = Release|Win32
		{C028DB2A-E7C5-4232-8C22-D5FBA2176136}.Coverage|x86.Build.0 = Release|Win32
		{C028DB2A-E7C5-4232-8C22-D5FBA2176136}.Debug|Any CPU.ActiveCfg = Debug|Win32
		{C028DB2A-E7C5-4232-8C22-D5FBA2176136}.Debug|Any CPU.Build.0 = Debug|Win32
		{C028DB2A-E7C5-4232-8C22-D5FBA2176136}.Debug|Mixed Platforms.ActiveCfg = Debug|Win32
		{C028DB2A-E7C5-4232-8C22-D5FBA2176136}.Debug|Mixed Platforms.Build.0 = Debug|Win32
		{C028DB2A-E7C5-4232-8C22-D5FBA2176136}.Debug|x64.ActiveCfg = Debug|x64
		{C028DB2A-E7C5-4232-8C22-D5FBA2176136}.Debug|x64.Build.0 = Debug|x64
		{C028DB2A-E7C5-4232-8C22-D5FBA2176136}.Debug|x86.ActiveCfg = Debug|Win32
		{C028DB2A-E7C5-4232-8C22-D5FBA2176136}.Debug|x86.Build.0 = Debug|Win32
		{C028DB2A-E7C5-4232-8C22-D5FBA2176136}.Mono Debug|Any CPU.ActiveCfg = Release|x64
		{C028DB2A-E7C5-4232-8C22-D5FBA2176136}.Mono Debug|Any CPU.Build.0 = Release|x64
		{C028DB2A-E7C5-4232-8C22-D5FBA2176136}.Mono Debug|Mixed Platforms.ActiveCfg = Debug|Win32
		{C028DB2A-E7C5-4232-8C22-D5FBA2176136}.Mono Debug|Mixed Platforms.Build.0 = Debug|Win32
		{C028DB2A-E7C5-4232-8C22-D5FBA2176136}.Mono Debug|x64.ActiveCfg = Debug|x64
		{C028DB2A-E7C5-4232-8C22-D5FBA2176136}.Mono Debug|x64.Build.0 = Debug|x64
		{C028DB2A-E7C5-4232-8C22-D5FBA2176136}.Mono Debug|x86.ActiveCfg = Debug|Win32
		{C028DB2A-E7C5-4232-8C22-D5FBA2176136}.Mono Debug|x86.Build.0 = Debug|Win32
		{C028DB2A-E7C5-4232-8C22-D5FBA2176136}.Mono Release|Any CPU.ActiveCfg = Release|x64
		{C028DB2A-E7C5-4232-8C22-D5FBA2176136}.Mono Release|Any CPU.Build.0 = Release|x64
		{C028DB2A-E7C5-4232-8C22-D5FBA2176136}.Mono Release|Mixed Platforms.ActiveCfg = Release|Win32
		{C028DB2A-E7C5-4232-8C22-D5FBA2176136}.Mono Release|Mixed Platforms.Build.0 = Release|Win32
		{C028DB2A-E7C5-4232-8C22-D5FBA2176136}.Mono Release|x64.ActiveCfg = Release|x64
		{C028DB2A-E7C5-4232-8C22-D5FBA2176136}.Mono Release|x64.Build.0 = Release|x64
		{C028DB2A-E7C5-4232-8C22-D5FBA2176136}.Mono Release|x86.ActiveCfg = Release|Win32
		{C028DB2A-E7C5-4232-8C22-D5FBA2176136}.Mono Release|x86.Build.0 = Release|Win32
		{C028DB2A-E7C5-4232-8C22-D5FBA2176136}.Release|Any CPU.ActiveCfg = Release|Win32
		{C028DB2A-E7C5-4232-8C22-D5FBA2176136}.Release|Any CPU.Build.0 = Release|Win32
		{C028DB2A-E7C5-4232-8C22-D5FBA2176136}.Release|Mixed Platforms.ActiveCfg = Release|Win32
		{C028DB2A-E7C5-4232-8C22-D5FBA2176136}.Release|Mixed Platforms.Build.0 = Release|Win32
		{C028DB2A-E7C5-4232-8C22-D5FBA2176136}.Release|x64.ActiveCfg = Release|x64
		{C028DB2A-E7C5-4232-8C22-D5FBA2176136}.Release|x64.Build.0 = Release|x64
		{C028DB2A-E7C5-4232-8C22-D5FBA2176136}.Release|x86.ActiveCfg = Release|Win32
		{C028DB2A-E7C5-4232-8C22-D5FBA2176136}.Release|x86.Build.0 = Release|Win32
		{19E8EBF5-0277-422F-BF49-C66D9DBA5AA4}.CIBuild|Any CPU.ActiveCfg = Debug|Any CPU
		{19E8EBF5-0277-422F-BF49-C66D9DBA5AA4}.CIBuild|Any CPU.Build.0 = Debug|Any CPU
		{19E8EBF5-0277-422F-BF49-C66D9DBA5AA4}.CIBuild|Mixed Platforms.ActiveCfg = Debug|Any CPU
		{19E8EBF5-0277-422F-BF49-C66D9DBA5AA4}.CIBuild|Mixed Platforms.Build.0 = Debug|Any CPU
		{19E8EBF5-0277-422F-BF49-C66D9DBA5AA4}.CIBuild|x64.ActiveCfg = Debug|Any CPU
		{19E8EBF5-0277-422F-BF49-C66D9DBA5AA4}.CIBuild|x64.Build.0 = Debug|Any CPU
		{19E8EBF5-0277-422F-BF49-C66D9DBA5AA4}.CIBuild|x86.ActiveCfg = Debug|Any CPU
		{19E8EBF5-0277-422F-BF49-C66D9DBA5AA4}.CIBuild|x86.Build.0 = Debug|Any CPU
		{19E8EBF5-0277-422F-BF49-C66D9DBA5AA4}.Coverage|Any CPU.ActiveCfg = Debug|Any CPU
		{19E8EBF5-0277-422F-BF49-C66D9DBA5AA4}.Coverage|Any CPU.Build.0 = Debug|Any CPU
		{19E8EBF5-0277-422F-BF49-C66D9DBA5AA4}.Coverage|Mixed Platforms.ActiveCfg = Debug|Any CPU
		{19E8EBF5-0277-422F-BF49-C66D9DBA5AA4}.Coverage|Mixed Platforms.Build.0 = Debug|Any CPU
		{19E8EBF5-0277-422F-BF49-C66D9DBA5AA4}.Coverage|x64.ActiveCfg = Debug|Any CPU
		{19E8EBF5-0277-422F-BF49-C66D9DBA5AA4}.Coverage|x64.Build.0 = Debug|Any CPU
		{19E8EBF5-0277-422F-BF49-C66D9DBA5AA4}.Coverage|x86.ActiveCfg = Debug|Any CPU
		{19E8EBF5-0277-422F-BF49-C66D9DBA5AA4}.Coverage|x86.Build.0 = Debug|Any CPU
		{19E8EBF5-0277-422F-BF49-C66D9DBA5AA4}.Debug|Any CPU.ActiveCfg = Debug|Any CPU
		{19E8EBF5-0277-422F-BF49-C66D9DBA5AA4}.Debug|Any CPU.Build.0 = Debug|Any CPU
		{19E8EBF5-0277-422F-BF49-C66D9DBA5AA4}.Debug|Mixed Platforms.ActiveCfg = Debug|Any CPU
		{19E8EBF5-0277-422F-BF49-C66D9DBA5AA4}.Debug|Mixed Platforms.Build.0 = Debug|Any CPU
		{19E8EBF5-0277-422F-BF49-C66D9DBA5AA4}.Debug|x64.ActiveCfg = Debug|Any CPU
		{19E8EBF5-0277-422F-BF49-C66D9DBA5AA4}.Debug|x64.Build.0 = Debug|Any CPU
		{19E8EBF5-0277-422F-BF49-C66D9DBA5AA4}.Debug|x86.ActiveCfg = Debug|Any CPU
		{19E8EBF5-0277-422F-BF49-C66D9DBA5AA4}.Debug|x86.Build.0 = Debug|Any CPU
		{19E8EBF5-0277-422F-BF49-C66D9DBA5AA4}.Mono Debug|Any CPU.ActiveCfg = Debug|Any CPU
		{19E8EBF5-0277-422F-BF49-C66D9DBA5AA4}.Mono Debug|Any CPU.Build.0 = Debug|Any CPU
		{19E8EBF5-0277-422F-BF49-C66D9DBA5AA4}.Mono Debug|Mixed Platforms.ActiveCfg = Debug|Any CPU
		{19E8EBF5-0277-422F-BF49-C66D9DBA5AA4}.Mono Debug|Mixed Platforms.Build.0 = Debug|Any CPU
		{19E8EBF5-0277-422F-BF49-C66D9DBA5AA4}.Mono Debug|x64.ActiveCfg = Debug|Any CPU
		{19E8EBF5-0277-422F-BF49-C66D9DBA5AA4}.Mono Debug|x64.Build.0 = Debug|Any CPU
		{19E8EBF5-0277-422F-BF49-C66D9DBA5AA4}.Mono Debug|x86.ActiveCfg = Debug|Any CPU
		{19E8EBF5-0277-422F-BF49-C66D9DBA5AA4}.Mono Debug|x86.Build.0 = Debug|Any CPU
		{19E8EBF5-0277-422F-BF49-C66D9DBA5AA4}.Mono Release|Any CPU.ActiveCfg = Release|Any CPU
		{19E8EBF5-0277-422F-BF49-C66D9DBA5AA4}.Mono Release|Any CPU.Build.0 = Release|Any CPU
		{19E8EBF5-0277-422F-BF49-C66D9DBA5AA4}.Mono Release|Mixed Platforms.ActiveCfg = Release|Any CPU
		{19E8EBF5-0277-422F-BF49-C66D9DBA5AA4}.Mono Release|Mixed Platforms.Build.0 = Release|Any CPU
		{19E8EBF5-0277-422F-BF49-C66D9DBA5AA4}.Mono Release|x64.ActiveCfg = Release|Any CPU
		{19E8EBF5-0277-422F-BF49-C66D9DBA5AA4}.Mono Release|x64.Build.0 = Release|Any CPU
		{19E8EBF5-0277-422F-BF49-C66D9DBA5AA4}.Mono Release|x86.ActiveCfg = Release|Any CPU
		{19E8EBF5-0277-422F-BF49-C66D9DBA5AA4}.Mono Release|x86.Build.0 = Release|Any CPU
		{19E8EBF5-0277-422F-BF49-C66D9DBA5AA4}.Release|Any CPU.ActiveCfg = Release|Any CPU
		{19E8EBF5-0277-422F-BF49-C66D9DBA5AA4}.Release|Any CPU.Build.0 = Release|Any CPU
		{19E8EBF5-0277-422F-BF49-C66D9DBA5AA4}.Release|Mixed Platforms.ActiveCfg = Release|Any CPU
		{19E8EBF5-0277-422F-BF49-C66D9DBA5AA4}.Release|Mixed Platforms.Build.0 = Release|Any CPU
		{19E8EBF5-0277-422F-BF49-C66D9DBA5AA4}.Release|x64.ActiveCfg = Release|Any CPU
		{19E8EBF5-0277-422F-BF49-C66D9DBA5AA4}.Release|x64.Build.0 = Release|Any CPU
		{19E8EBF5-0277-422F-BF49-C66D9DBA5AA4}.Release|x86.ActiveCfg = Release|Any CPU
		{19E8EBF5-0277-422F-BF49-C66D9DBA5AA4}.Release|x86.Build.0 = Release|Any CPU
	EndGlobalSection
	GlobalSection(SolutionProperties) = preSolution
		HideSolutionNode = FALSE
	EndGlobalSection
	GlobalSection(ExtensibilityGlobals) = postSolution
		SolutionGuid = {68CA987A-9BAB-4C75-8EEB-4596BA6BBD07}
	EndGlobalSection
	GlobalSection(MonoDevelopProperties) = preSolution
		Policies = $0
		$0.TextStylePolicy = $1
		$1.inheritsSet = VisualStudio
		$1.inheritsScope = text/plain
		$1.scope = text/plain
		$0.CSharpFormattingPolicy = $2
		$2.IndentSwitchBody = True
		$2.IndentBlocksInsideExpressions = True
		$2.AnonymousMethodBraceStyle = NextLine
		$2.PropertyBraceStyle = NextLine
		$2.PropertyGetBraceStyle = NextLine
		$2.PropertySetBraceStyle = NextLine
		$2.EventBraceStyle = NextLine
		$2.EventAddBraceStyle = NextLine
		$2.EventRemoveBraceStyle = NextLine
		$2.StatementBraceStyle = NextLine
		$2.ElseNewLinePlacement = NewLine
		$2.CatchNewLinePlacement = NewLine
		$2.FinallyNewLinePlacement = NewLine
		$2.WhileNewLinePlacement = DoNotCare
		$2.ArrayInitializerWrapping = DoNotChange
		$2.ArrayInitializerBraceStyle = NextLine
		$2.BeforeMethodDeclarationParentheses = False
		$2.BeforeMethodCallParentheses = False
		$2.BeforeConstructorDeclarationParentheses = False
		$2.NewLineBeforeConstructorInitializerColon = NewLine
		$2.NewLineAfterConstructorInitializerColon = SameLine
		$2.BeforeDelegateDeclarationParentheses = False
		$2.NewParentheses = False
		$2.SpacesBeforeBrackets = False
		$2.inheritsSet = Mono
		$2.inheritsScope = text/x-csharp
		$2.scope = text/x-csharp
	EndGlobalSection
EndGlobal
