
Microsoft Visual Studio Solution File, Format Version 12.00
# Visual Studio 2013
VisualStudioVersion = 12.0.31101.0
MinimumVisualStudioVersion = 10.0.40219.1
Project("{FAE04EC0-301F-11D3-BF4B-00C04F79EFBC}") = "Squirrel", "src\Squirrel\Squirrel.csproj", "{1436E22A-FE3C-4D68-9A85-9E74DF2E6A92}"
EndProject
Project("{FAE04EC0-301F-11D3-BF4B-00C04F79EFBC}") = "Squirrel.Tests", "test\Squirrel.Tests.csproj", "{98AEB048-E27D-42F4-9440-505B7F78BAFD}"
EndProject
Project("{8BC9CEB8-8B4A-11D0-8D11-00A0C91BC942}") = "Setup", "src\Setup\Setup.vcxproj", "{C1D40624-A484-438A-B846-052F321C89D1}"
EndProject
Project("{2150E333-8FDC-42A3-9474-1A3956D46DE8}") = ".nuget", ".nuget", "{50DF07EF-7C73-4031-8DD6-E3AE0D188371}"
	ProjectSection(SolutionItems) = preProject
		.nuget\packages.config = .nuget\packages.config
	EndProjectSection
EndProject
Project("{FAE04EC0-301F-11D3-BF4B-00C04F79EFBC}") = "Update", "src\Update\Update.csproj", "{1EEBACBC-6982-4696-BD4E-899ED0AC6CD2}"
EndProject
Project("{FAE04EC0-301F-11D3-BF4B-00C04F79EFBC}") = "SyncReleases", "src\SyncReleases\SyncReleases.csproj", "{EB521191-1EBF-4D06-8541-ED192E2EE378}"
EndProject
Project("{2150E333-8FDC-42A3-9474-1A3956D46DE8}") = "SolutionLevel", "SolutionLevel", "{ED657D2C-F8A0-4012-A64F-7367D41BE4D2}"
	ProjectSection(SolutionItems) = preProject
		src\SolutionAssemblyInfo.cs = src\SolutionAssemblyInfo.cs
		src\Squirrel.nuspec = src\Squirrel.nuspec
	EndProjectSection
EndProject
Global
	GlobalSection(SolutionConfigurationPlatforms) = preSolution
		CIBuild|Any CPU = CIBuild|Any CPU
		CIBuild|Mixed Platforms = CIBuild|Mixed Platforms
		Debug|Any CPU = Debug|Any CPU
		Debug|Mixed Platforms = Debug|Mixed Platforms
		Release|Any CPU = Release|Any CPU
		Release|Mixed Platforms = Release|Mixed Platforms
	EndGlobalSection
	GlobalSection(ProjectConfigurationPlatforms) = postSolution
		{1436E22A-FE3C-4D68-9A85-9E74DF2E6A92}.CIBuild|Any CPU.ActiveCfg = CIBuild|Any CPU
		{1436E22A-FE3C-4D68-9A85-9E74DF2E6A92}.CIBuild|Any CPU.Build.0 = CIBuild|Any CPU
		{1436E22A-FE3C-4D68-9A85-9E74DF2E6A92}.CIBuild|Mixed Platforms.ActiveCfg = CIBuild|Any CPU
		{1436E22A-FE3C-4D68-9A85-9E74DF2E6A92}.CIBuild|Mixed Platforms.Build.0 = CIBuild|Any CPU
		{1436E22A-FE3C-4D68-9A85-9E74DF2E6A92}.Debug|Any CPU.ActiveCfg = Debug|Any CPU
		{1436E22A-FE3C-4D68-9A85-9E74DF2E6A92}.Debug|Any CPU.Build.0 = Debug|Any CPU
		{1436E22A-FE3C-4D68-9A85-9E74DF2E6A92}.Debug|Mixed Platforms.ActiveCfg = Debug|Any CPU
		{1436E22A-FE3C-4D68-9A85-9E74DF2E6A92}.Debug|Mixed Platforms.Build.0 = Debug|Any CPU
		{1436E22A-FE3C-4D68-9A85-9E74DF2E6A92}.Release|Any CPU.ActiveCfg = Release|Any CPU
		{1436E22A-FE3C-4D68-9A85-9E74DF2E6A92}.Release|Any CPU.Build.0 = Release|Any CPU
		{1436E22A-FE3C-4D68-9A85-9E74DF2E6A92}.Release|Mixed Platforms.ActiveCfg = Release|Any CPU
		{1436E22A-FE3C-4D68-9A85-9E74DF2E6A92}.Release|Mixed Platforms.Build.0 = Release|Any CPU
		{98AEB048-E27D-42F4-9440-505B7F78BAFD}.CIBuild|Any CPU.ActiveCfg = CIBuild|Any CPU
		{98AEB048-E27D-42F4-9440-505B7F78BAFD}.CIBuild|Any CPU.Build.0 = CIBuild|Any CPU
		{98AEB048-E27D-42F4-9440-505B7F78BAFD}.CIBuild|Mixed Platforms.ActiveCfg = CIBuild|Any CPU
		{98AEB048-E27D-42F4-9440-505B7F78BAFD}.CIBuild|Mixed Platforms.Build.0 = CIBuild|Any CPU
		{98AEB048-E27D-42F4-9440-505B7F78BAFD}.Debug|Any CPU.ActiveCfg = Debug|Any CPU
		{98AEB048-E27D-42F4-9440-505B7F78BAFD}.Debug|Any CPU.Build.0 = Debug|Any CPU
		{98AEB048-E27D-42F4-9440-505B7F78BAFD}.Debug|Mixed Platforms.ActiveCfg = Debug|Any CPU
		{98AEB048-E27D-42F4-9440-505B7F78BAFD}.Debug|Mixed Platforms.Build.0 = Debug|Any CPU
		{98AEB048-E27D-42F4-9440-505B7F78BAFD}.Release|Any CPU.ActiveCfg = Release|Any CPU
		{98AEB048-E27D-42F4-9440-505B7F78BAFD}.Release|Any CPU.Build.0 = Release|Any CPU
		{98AEB048-E27D-42F4-9440-505B7F78BAFD}.Release|Mixed Platforms.ActiveCfg = Release|Any CPU
		{98AEB048-E27D-42F4-9440-505B7F78BAFD}.Release|Mixed Platforms.Build.0 = Release|Any CPU
		{C1D40624-A484-438A-B846-052F321C89D1}.CIBuild|Any CPU.ActiveCfg = CIBuild|Win32
		{C1D40624-A484-438A-B846-052F321C89D1}.CIBuild|Any CPU.Build.0 = CIBuild|Win32
		{C1D40624-A484-438A-B846-052F321C89D1}.CIBuild|Mixed Platforms.ActiveCfg = CIBuild|Win32
		{C1D40624-A484-438A-B846-052F321C89D1}.CIBuild|Mixed Platforms.Build.0 = CIBuild|Win32
		{C1D40624-A484-438A-B846-052F321C89D1}.Debug|Any CPU.ActiveCfg = Debug|Win32
		{C1D40624-A484-438A-B846-052F321C89D1}.Debug|Any CPU.Build.0 = Debug|Win32
		{C1D40624-A484-438A-B846-052F321C89D1}.Debug|Mixed Platforms.ActiveCfg = Debug|Win32
		{C1D40624-A484-438A-B846-052F321C89D1}.Debug|Mixed Platforms.Build.0 = Debug|Win32
		{C1D40624-A484-438A-B846-052F321C89D1}.Release|Any CPU.ActiveCfg = Release|Win32
		{C1D40624-A484-438A-B846-052F321C89D1}.Release|Any CPU.Build.0 = Release|Win32
		{C1D40624-A484-438A-B846-052F321C89D1}.Release|Mixed Platforms.ActiveCfg = Release|Win32
		{C1D40624-A484-438A-B846-052F321C89D1}.Release|Mixed Platforms.Build.0 = Release|Win32
		{1EEBACBC-6982-4696-BD4E-899ED0AC6CD2}.CIBuild|Any CPU.ActiveCfg = Release|Any CPU
		{1EEBACBC-6982-4696-BD4E-899ED0AC6CD2}.CIBuild|Any CPU.Build.0 = Release|Any CPU
		{1EEBACBC-6982-4696-BD4E-899ED0AC6CD2}.CIBuild|Mixed Platforms.ActiveCfg = Release|Any CPU
		{1EEBACBC-6982-4696-BD4E-899ED0AC6CD2}.CIBuild|Mixed Platforms.Build.0 = Release|Any CPU
		{1EEBACBC-6982-4696-BD4E-899ED0AC6CD2}.Debug|Any CPU.ActiveCfg = Debug|Any CPU
		{1EEBACBC-6982-4696-BD4E-899ED0AC6CD2}.Debug|Any CPU.Build.0 = Debug|Any CPU
		{1EEBACBC-6982-4696-BD4E-899ED0AC6CD2}.Debug|Mixed Platforms.ActiveCfg = Debug|Any CPU
		{1EEBACBC-6982-4696-BD4E-899ED0AC6CD2}.Debug|Mixed Platforms.Build.0 = Debug|Any CPU
		{1EEBACBC-6982-4696-BD4E-899ED0AC6CD2}.Release|Any CPU.ActiveCfg = Release|Any CPU
		{1EEBACBC-6982-4696-BD4E-899ED0AC6CD2}.Release|Any CPU.Build.0 = Release|Any CPU
		{1EEBACBC-6982-4696-BD4E-899ED0AC6CD2}.Release|Mixed Platforms.ActiveCfg = Release|Any CPU
		{1EEBACBC-6982-4696-BD4E-899ED0AC6CD2}.Release|Mixed Platforms.Build.0 = Release|Any CPU
		{EB521191-1EBF-4D06-8541-ED192E2EE378}.CIBuild|Any CPU.ActiveCfg = Release|Any CPU
		{EB521191-1EBF-4D06-8541-ED192E2EE378}.CIBuild|Any CPU.Build.0 = Release|Any CPU
		{EB521191-1EBF-4D06-8541-ED192E2EE378}.CIBuild|Mixed Platforms.ActiveCfg = Release|Any CPU
		{EB521191-1EBF-4D06-8541-ED192E2EE378}.CIBuild|Mixed Platforms.Build.0 = Release|Any CPU
		{EB521191-1EBF-4D06-8541-ED192E2EE378}.Debug|Any CPU.ActiveCfg = Debug|Any CPU
		{EB521191-1EBF-4D06-8541-ED192E2EE378}.Debug|Any CPU.Build.0 = Debug|Any CPU
		{EB521191-1EBF-4D06-8541-ED192E2EE378}.Debug|Mixed Platforms.ActiveCfg = Debug|Any CPU
		{EB521191-1EBF-4D06-8541-ED192E2EE378}.Debug|Mixed Platforms.Build.0 = Debug|Any CPU
		{EB521191-1EBF-4D06-8541-ED192E2EE378}.Release|Any CPU.ActiveCfg = Release|Any CPU
		{EB521191-1EBF-4D06-8541-ED192E2EE378}.Release|Any CPU.Build.0 = Release|Any CPU
		{EB521191-1EBF-4D06-8541-ED192E2EE378}.Release|Mixed Platforms.ActiveCfg = Release|Any CPU
		{EB521191-1EBF-4D06-8541-ED192E2EE378}.Release|Mixed Platforms.Build.0 = Release|Any CPU
	EndGlobalSection
	GlobalSection(SolutionProperties) = preSolution
		HideSolutionNode = FALSE
	EndGlobalSection
EndGlobal
